// !$*UTF8*$!
{
	archiveVersion = 1;
	classes = {
	};
	objectVersion = 46;
	objects = {

/* Begin PBXBuildFile section */
		1843518B1F5CF0A900BB86CA /* YuShuTests.swift in Sources */ = {isa = PBXBuildFile; fileRef = 1843518A1F5CF0A900BB86CA /* YuShuTests.swift */; };
		184351961F5CF0A900BB86CA /* YuShuUITests.swift in Sources */ = {isa = PBXBuildFile; fileRef = 184351951F5CF0A900BB86CA /* YuShuUITests.swift */; };
		1843521B1F5CF54200BB86CA /* AppDelegate+AppService.swift in Sources */ = {isa = PBXBuildFile; fileRef = 184351A51F5CF54200BB86CA /* AppDelegate+AppService.swift */; };
		1843521C1F5CF54200BB86CA /* AppDelegate.swift in Sources */ = {isa = PBXBuildFile; fileRef = 184351A61F5CF54200BB86CA /* AppDelegate.swift */; };
		1843521D1F5CF54200BB86CA /* CommonConstant.swift in Sources */ = {isa = PBXBuildFile; fileRef = 184351A81F5CF54200BB86CA /* CommonConstant.swift */; };
		1843521E1F5CF54200BB86CA /* NotificationNameConstant.swift in Sources */ = {isa = PBXBuildFile; fileRef = 184351A91F5CF54200BB86CA /* NotificationNameConstant.swift */; };
		1843521F1F5CF54200BB86CA /* UrlsConstant.swift in Sources */ = {isa = PBXBuildFile; fileRef = 184351AA1F5CF54200BB86CA /* UrlsConstant.swift */; };
		184352201F5CF54200BB86CA /* UtilsConstant.swift in Sources */ = {isa = PBXBuildFile; fileRef = 184351AB1F5CF54200BB86CA /* UtilsConstant.swift */; };
		184352211F5CF54200BB86CA /* BaseApiModel.swift in Sources */ = {isa = PBXBuildFile; fileRef = 184351B01F5CF54200BB86CA /* BaseApiModel.swift */; };
		184352221F5CF54200BB86CA /* CircleApi.swift in Sources */ = {isa = PBXBuildFile; fileRef = 184351B11F5CF54200BB86CA /* CircleApi.swift */; };
		184352231F5CF54200BB86CA /* HomeApi.swift in Sources */ = {isa = PBXBuildFile; fileRef = 184351B21F5CF54200BB86CA /* HomeApi.swift */; };
		184352241F5CF54200BB86CA /* UserApi.swift in Sources */ = {isa = PBXBuildFile; fileRef = 184351B31F5CF54200BB86CA /* UserApi.swift */; };
		184352251F5CF54200BB86CA /* NetworkManager.swift in Sources */ = {isa = PBXBuildFile; fileRef = 184351B41F5CF54200BB86CA /* NetworkManager.swift */; };
		184352261F5CF54200BB86CA /* Observable+ObjectMapper.swift in Sources */ = {isa = PBXBuildFile; fileRef = 184351B51F5CF54200BB86CA /* Observable+ObjectMapper.swift */; };
		184352271F5CF54200BB86CA /* Response+ObjectMapper.swift in Sources */ = {isa = PBXBuildFile; fileRef = 184351B61F5CF54200BB86CA /* Response+ObjectMapper.swift */; };
		184352281F5CF54200BB86CA /* UserInfo.swift in Sources */ = {isa = PBXBuildFile; fileRef = 184351B81F5CF54200BB86CA /* UserInfo.swift */; };
		184352291F5CF54200BB86CA /* UserManager.swift in Sources */ = {isa = PBXBuildFile; fileRef = 184351B91F5CF54200BB86CA /* UserManager.swift */; };
		1843522A1F5CF54200BB86CA /* UserProfileManager.swift in Sources */ = {isa = PBXBuildFile; fileRef = 184351BA1F5CF54200BB86CA /* UserProfileManager.swift */; };
		1843522B1F5CF54200BB86CA /* UnRead.swift in Sources */ = {isa = PBXBuildFile; fileRef = 184351BD1F5CF54200BB86CA /* UnRead.swift */; };
		1843522C1F5CF54200BB86CA /* WXMessage.swift in Sources */ = {isa = PBXBuildFile; fileRef = 184351BE1F5CF54200BB86CA /* WXMessage.swift */; };
		184352481F5CF54200BB86CA /* LoadingViewController.swift in Sources */ = {isa = PBXBuildFile; fileRef = 184351DE1F5CF54200BB86CA /* LoadingViewController.swift */; };
		184352491F5CF54200BB86CA /* LoadingViewController.xib in Resources */ = {isa = PBXBuildFile; fileRef = 184351DF1F5CF54200BB86CA /* LoadingViewController.xib */; };
		1843524A1F5CF54200BB86CA /* LoginViewController.xib in Resources */ = {isa = PBXBuildFile; fileRef = 184351E11F5CF54200BB86CA /* LoginViewController.xib */; };
		1843524B1F5CF54200BB86CA /* LoginViewController.strings in Resources */ = {isa = PBXBuildFile; fileRef = 184351E31F5CF54200BB86CA /* LoginViewController.strings */; };
		1843524C1F5CF54200BB86CA /* LoginViewController.swift in Sources */ = {isa = PBXBuildFile; fileRef = 184351E51F5CF54200BB86CA /* LoginViewController.swift */; };
		1843524D1F5CF54200BB86CA /* RegisterXViewController.swift in Sources */ = {isa = PBXBuildFile; fileRef = 184351E61F5CF54200BB86CA /* RegisterXViewController.swift */; };
		1843524E1F5CF54200BB86CA /* RegisterXViewController.xib in Resources */ = {isa = PBXBuildFile; fileRef = 184351E71F5CF54200BB86CA /* RegisterXViewController.xib */; };
		184352611F5CF54200BB86CA /* Assets.xcassets in Resources */ = {isa = PBXBuildFile; fileRef = 184351FD1F5CF54200BB86CA /* Assets.xcassets */; };
		184352621F5CF54200BB86CA /* Localizable.strings in Resources */ = {isa = PBXBuildFile; fileRef = 184351FE1F5CF54200BB86CA /* Localizable.strings */; };
		184352631F5CF54200BB86CA /* Info.plist in Resources */ = {isa = PBXBuildFile; fileRef = 184352011F5CF54200BB86CA /* Info.plist */; };
		184352641F5CF54200BB86CA /* LaunchScreen.storyboard in Resources */ = {isa = PBXBuildFile; fileRef = 184352031F5CF54200BB86CA /* LaunchScreen.storyboard */; };
		184352651F5CF54200BB86CA /* RootNavigationController.swift in Sources */ = {isa = PBXBuildFile; fileRef = 184352061F5CF54200BB86CA /* RootNavigationController.swift */; };
		184352661F5CF54200BB86CA /* RootTabBarController.swift in Sources */ = {isa = PBXBuildFile; fileRef = 184352071F5CF54200BB86CA /* RootTabBarController.swift */; };
		184352671F5CF54200BB86CA /* RootViewController.swift in Sources */ = {isa = PBXBuildFile; fileRef = 184352081F5CF54200BB86CA /* RootViewController.swift */; };
		184352681F5CF54200BB86CA /* Date+Ex.swift in Sources */ = {isa = PBXBuildFile; fileRef = 1843520B1F5CF54200BB86CA /* Date+Ex.swift */; };
		184352691F5CF54200BB86CA /* RootViewController+Ex.swift in Sources */ = {isa = PBXBuildFile; fileRef = 1843520C1F5CF54200BB86CA /* RootViewController+Ex.swift */; };
		1843526A1F5CF54200BB86CA /* String+Ex.swift in Sources */ = {isa = PBXBuildFile; fileRef = 1843520D1F5CF54200BB86CA /* String+Ex.swift */; };
		1843526B1F5CF54200BB86CA /* UIColor+Ex.swift in Sources */ = {isa = PBXBuildFile; fileRef = 1843520E1F5CF54200BB86CA /* UIColor+Ex.swift */; };
		1843526C1F5CF54200BB86CA /* UITextField+LeftView.swift in Sources */ = {isa = PBXBuildFile; fileRef = 1843520F1F5CF54200BB86CA /* UITextField+LeftView.swift */; };
		1843526D1F5CF54200BB86CA /* UIView+Ex.swift in Sources */ = {isa = PBXBuildFile; fileRef = 184352101F5CF54200BB86CA /* UIView+Ex.swift */; };
		1843526E1F5CF54200BB86CA /* CommentToolView.swift in Sources */ = {isa = PBXBuildFile; fileRef = 184352121F5CF54200BB86CA /* CommentToolView.swift */; };
		1843526F1F5CF54200BB86CA /* CommentToolView.xib in Resources */ = {isa = PBXBuildFile; fileRef = 184352131F5CF54200BB86CA /* CommentToolView.xib */; };
		184352701F5CF54200BB86CA /* RSKPlaceholderTextView.swift in Sources */ = {isa = PBXBuildFile; fileRef = 184352141F5CF54200BB86CA /* RSKPlaceholderTextView.swift */; };
		184352711F5CF54200BB86CA /* RefreshFooter.swift in Sources */ = {isa = PBXBuildFile; fileRef = 184352161F5CF54200BB86CA /* RefreshFooter.swift */; };
		184352721F5CF54200BB86CA /* RefreshHeader.swift in Sources */ = {isa = PBXBuildFile; fileRef = 184352171F5CF54200BB86CA /* RefreshHeader.swift */; };
		184352731F5CF54200BB86CA /* WXActivityIndicatorView.swift in Sources */ = {isa = PBXBuildFile; fileRef = 184352181F5CF54200BB86CA /* WXActivityIndicatorView.swift */; };
		184352741F5CF54200BB86CA /* WXAlertController.swift in Sources */ = {isa = PBXBuildFile; fileRef = 184352191F5CF54200BB86CA /* WXAlertController.swift */; };
		184352751F5CF54200BB86CA /* WXProgressView.swift in Sources */ = {isa = PBXBuildFile; fileRef = 1843521A1F5CF54200BB86CA /* WXProgressView.swift */; };
		18884E3D1F62BC2100D285F7 /* YSHomeEightCollectionViewCell.swift in Sources */ = {isa = PBXBuildFile; fileRef = 18884E3B1F62BC2100D285F7 /* YSHomeEightCollectionViewCell.swift */; };
		18884E3E1F62BC2100D285F7 /* YSHomeEightCollectionViewCell.xib in Resources */ = {isa = PBXBuildFile; fileRef = 18884E3C1F62BC2100D285F7 /* YSHomeEightCollectionViewCell.xib */; };
		18884E401F62CB1500D285F7 /* YSAnnounceViewController.swift in Sources */ = {isa = PBXBuildFile; fileRef = 18884E3F1F62CB1500D285F7 /* YSAnnounceViewController.swift */; };
		18884E421F62CEAD00D285F7 /* YSTransferViewController.swift in Sources */ = {isa = PBXBuildFile; fileRef = 18884E411F62CEAD00D285F7 /* YSTransferViewController.swift */; };
		18884E441F62CEDE00D285F7 /* YSPersonViewController.swift in Sources */ = {isa = PBXBuildFile; fileRef = 18884E431F62CEDE00D285F7 /* YSPersonViewController.swift */; };
		18884E461F62CF0400D285F7 /* YSVoteViewController.swift in Sources */ = {isa = PBXBuildFile; fileRef = 18884E451F62CF0400D285F7 /* YSVoteViewController.swift */; };
		18884E481F62CF2500D285F7 /* YSForumViewController.swift in Sources */ = {isa = PBXBuildFile; fileRef = 18884E471F62CF2500D285F7 /* YSForumViewController.swift */; };
		18884E4A1F62CF5100D285F7 /* YSFitViewController.swift in Sources */ = {isa = PBXBuildFile; fileRef = 18884E491F62CF5100D285F7 /* YSFitViewController.swift */; };
		18884E4C1F62CF7300D285F7 /* YSPactViewController.swift in Sources */ = {isa = PBXBuildFile; fileRef = 18884E4B1F62CF7300D285F7 /* YSPactViewController.swift */; };
		18884E4E1F62CF9300D285F7 /* YSRimViewController.swift in Sources */ = {isa = PBXBuildFile; fileRef = 18884E4D1F62CF9300D285F7 /* YSRimViewController.swift */; };
		18884E501F62D04C00D285F7 /* Announce.swift in Sources */ = {isa = PBXBuildFile; fileRef = 18884E4F1F62D04C00D285F7 /* Announce.swift */; };
		18D788371F5D33FE00312DF4 /* YSMeViewController.swift in Sources */ = {isa = PBXBuildFile; fileRef = 18D788361F5D33FE00312DF4 /* YSMeViewController.swift */; };
		18D7883C1F5D359D00312DF4 /* YSInterViewController.swift in Sources */ = {isa = PBXBuildFile; fileRef = 18D7883B1F5D359D00312DF4 /* YSInterViewController.swift */; };
		18D7883F1F5D36B600312DF4 /* YSHomeCollectionViewCell.swift in Sources */ = {isa = PBXBuildFile; fileRef = 18D7883D1F5D36B600312DF4 /* YSHomeCollectionViewCell.swift */; };
		18D788401F5D36B600312DF4 /* YSHomeCollectionViewCell.xib in Resources */ = {isa = PBXBuildFile; fileRef = 18D7883E1F5D36B600312DF4 /* YSHomeCollectionViewCell.xib */; };
		18E4F6061F66157E0042FE72 /* AnnounceTableViewCell.swift in Sources */ = {isa = PBXBuildFile; fileRef = 18E4F6041F66157E0042FE72 /* AnnounceTableViewCell.swift */; };
		18E4F6071F66157E0042FE72 /* AnnounceTableViewCell.xib in Resources */ = {isa = PBXBuildFile; fileRef = 18E4F6051F66157E0042FE72 /* AnnounceTableViewCell.xib */; };
		18EF42771F5CFBC4008280F3 /* YSHomeViewController.swift in Sources */ = {isa = PBXBuildFile; fileRef = 18EF42761F5CFBC4008280F3 /* YSHomeViewController.swift */; };
		18EF427A1F5CFC08008280F3 /* YSHomeTableViewCell.swift in Sources */ = {isa = PBXBuildFile; fileRef = 18EF42781F5CFC08008280F3 /* YSHomeTableViewCell.swift */; };
		18EF427B1F5CFC08008280F3 /* YSHomeTableViewCell.xib in Resources */ = {isa = PBXBuildFile; fileRef = 18EF42791F5CFC08008280F3 /* YSHomeTableViewCell.xib */; };
		18EF427D1F5CFC33008280F3 /* YSHomeHeadView.swift in Sources */ = {isa = PBXBuildFile; fileRef = 18EF427C1F5CFC33008280F3 /* YSHomeHeadView.swift */; };
		18EF427F1F5CFC42008280F3 /* YSHomeHeadView.xib in Resources */ = {isa = PBXBuildFile; fileRef = 18EF427E1F5CFC42008280F3 /* YSHomeHeadView.xib */; };
		3F2823D49133615B76001899 /* Pods_YuShuUITests.framework in Frameworks */ = {isa = PBXBuildFile; fileRef = D930E970EC2C340921D7C8E2 /* Pods_YuShuUITests.framework */; };
		6D886BD1633AE8BBF3C75E4B /* Pods_YuShuTests.framework in Frameworks */ = {isa = PBXBuildFile; fileRef = C970ECE0193764933CEE935E /* Pods_YuShuTests.framework */; };
		EC1661281F6669AD00B0982A /* Person.swift in Sources */ = {isa = PBXBuildFile; fileRef = EC1661271F6669AD00B0982A /* Person.swift */; };
		EC16612B1F666D0400B0982A /* YSPersonCollectionViewCell.swift in Sources */ = {isa = PBXBuildFile; fileRef = EC1661291F666D0400B0982A /* YSPersonCollectionViewCell.swift */; };
		EC16612C1F666D0400B0982A /* YSPersonCollectionViewCell.xib in Resources */ = {isa = PBXBuildFile; fileRef = EC16612A1F666D0400B0982A /* YSPersonCollectionViewCell.xib */; };
		EC16612F1F66766400B0982A /* YSVoteTableViewCell.swift in Sources */ = {isa = PBXBuildFile; fileRef = EC16612D1F66766400B0982A /* YSVoteTableViewCell.swift */; };
		EC1661301F66766400B0982A /* YSVoteTableViewCell.xib in Resources */ = {isa = PBXBuildFile; fileRef = EC16612E1F66766400B0982A /* YSVoteTableViewCell.xib */; };
		EC1661321F667F7600B0982A /* YSVoteMemberLayout.swift in Sources */ = {isa = PBXBuildFile; fileRef = EC1661311F667F7600B0982A /* YSVoteMemberLayout.swift */; };
		EC1661341F668B8C00B0982A /* Vote.swift in Sources */ = {isa = PBXBuildFile; fileRef = EC1661331F668B8C00B0982A /* Vote.swift */; };
		EC260CBD1F5EA0330046F576 /* YSHomeShowTableViewCell.swift in Sources */ = {isa = PBXBuildFile; fileRef = EC260CBB1F5EA0330046F576 /* YSHomeShowTableViewCell.swift */; };
		EC260CBE1F5EA0330046F576 /* YSHomeShowTableViewCell.xib in Resources */ = {isa = PBXBuildFile; fileRef = EC260CBC1F5EA0330046F576 /* YSHomeShowTableViewCell.xib */; };
		EC7CB94E1F676D62009CE9BC /* YSUserHeadCollectionViewCell.swift in Sources */ = {isa = PBXBuildFile; fileRef = EC7CB94C1F676D62009CE9BC /* YSUserHeadCollectionViewCell.swift */; };
		EC7CB94F1F676D62009CE9BC /* YSUserHeadCollectionViewCell.xib in Resources */ = {isa = PBXBuildFile; fileRef = EC7CB94D1F676D62009CE9BC /* YSUserHeadCollectionViewCell.xib */; };
		EC7CB9511F67756C009CE9BC /* YSAnnounceDetailViewController.swift in Sources */ = {isa = PBXBuildFile; fileRef = EC7CB9501F67756C009CE9BC /* YSAnnounceDetailViewController.swift */; };
		EC7CB9531F678633009CE9BC /* Comment.swift in Sources */ = {isa = PBXBuildFile; fileRef = EC7CB9521F678633009CE9BC /* Comment.swift */; };
		EC7CB9561F6786A2009CE9BC /* YSCommentTableViewCell.swift in Sources */ = {isa = PBXBuildFile; fileRef = EC7CB9541F6786A2009CE9BC /* YSCommentTableViewCell.swift */; };
		EC7CB9571F6786A2009CE9BC /* YSCommentTableViewCell.xib in Resources */ = {isa = PBXBuildFile; fileRef = EC7CB9551F6786A2009CE9BC /* YSCommentTableViewCell.xib */; };
		EC7CB9591F67BB6D009CE9BC /* YSVoteDetailViewController.swift in Sources */ = {isa = PBXBuildFile; fileRef = EC7CB9581F67BB6D009CE9BC /* YSVoteDetailViewController.swift */; };
		EC7CB95C1F67BE1B009CE9BC /* YSVoteOptionTableViewCell.swift in Sources */ = {isa = PBXBuildFile; fileRef = EC7CB95A1F67BE1B009CE9BC /* YSVoteOptionTableViewCell.swift */; };
		EC7CB95D1F67BE1B009CE9BC /* YSVoteOptionTableViewCell.xib in Resources */ = {isa = PBXBuildFile; fileRef = EC7CB95B1F67BE1B009CE9BC /* YSVoteOptionTableViewCell.xib */; };
		EC7CB95F1F67C0DE009CE9BC /* YSVoteDetailHeader.swift in Sources */ = {isa = PBXBuildFile; fileRef = EC7CB95E1F67C0DE009CE9BC /* YSVoteDetailHeader.swift */; };
		EC7CB9611F67C0F4009CE9BC /* YSVoteDetailHeader.xib in Resources */ = {isa = PBXBuildFile; fileRef = EC7CB9601F67C0F4009CE9BC /* YSVoteDetailHeader.xib */; };
		EC7CB9631F67DDA7009CE9BC /* FootFuncButton.swift in Sources */ = {isa = PBXBuildFile; fileRef = EC7CB9621F67DDA7009CE9BC /* FootFuncButton.swift */; };
		EC8407811F6A5D86009E6721 /* YSInterCollectionViewCell.swift in Sources */ = {isa = PBXBuildFile; fileRef = EC84077F1F6A5D86009E6721 /* YSInterCollectionViewCell.swift */; };
		EC8407821F6A5D86009E6721 /* YSInterCollectionViewCell.xib in Resources */ = {isa = PBXBuildFile; fileRef = EC8407801F6A5D86009E6721 /* YSInterCollectionViewCell.xib */; };
		EC8407841F6A6220009E6721 /* Floor.swift in Sources */ = {isa = PBXBuildFile; fileRef = EC8407831F6A6220009E6721 /* Floor.swift */; };
		EC8407871F6A7003009E6721 /* YSRoomCollectionViewCell.swift in Sources */ = {isa = PBXBuildFile; fileRef = EC8407851F6A7003009E6721 /* YSRoomCollectionViewCell.swift */; };
		EC8407881F6A7003009E6721 /* YSRoomCollectionViewCell.xib in Resources */ = {isa = PBXBuildFile; fileRef = EC8407861F6A7003009E6721 /* YSRoomCollectionViewCell.xib */; };
		EC84078A1F6A75BB009E6721 /* YSRoomListViewController.swift in Sources */ = {isa = PBXBuildFile; fileRef = EC8407891F6A75BB009E6721 /* YSRoomListViewController.swift */; };
		EC84078C1F6A7FFE009E6721 /* YSUserListView.swift in Sources */ = {isa = PBXBuildFile; fileRef = EC84078B1F6A7FFE009E6721 /* YSUserListView.swift */; };
		EC895AEC1F5F7E4B00D55EB8 /* DispatchSource+Ex.swift in Sources */ = {isa = PBXBuildFile; fileRef = EC895AEB1F5F7E4B00D55EB8 /* DispatchSource+Ex.swift */; };
		EC895AF21F5FD0DB00D55EB8 /* YSMeHeadView.swift in Sources */ = {isa = PBXBuildFile; fileRef = EC895AF11F5FD0DB00D55EB8 /* YSMeHeadView.swift */; };
		EC895AF41F5FD0FD00D55EB8 /* YSMeHeadView.xib in Resources */ = {isa = PBXBuildFile; fileRef = EC895AF31F5FD0FD00D55EB8 /* YSMeHeadView.xib */; };
		EC895AF71F5FD66000D55EB8 /* YSMeHeadCollectionViewCell.swift in Sources */ = {isa = PBXBuildFile; fileRef = EC895AF51F5FD66000D55EB8 /* YSMeHeadCollectionViewCell.swift */; };
		EC895AF81F5FD66000D55EB8 /* YSMeHeadCollectionViewCell.xib in Resources */ = {isa = PBXBuildFile; fileRef = EC895AF61F5FD66000D55EB8 /* YSMeHeadCollectionViewCell.xib */; };
		EC895AFC1F5FFC3C00D55EB8 /* HomeInfo.swift in Sources */ = {isa = PBXBuildFile; fileRef = EC895AFB1F5FFC3C00D55EB8 /* HomeInfo.swift */; };
		EC89FF701F60EF8F00C43686 /* YSMoreViewController.swift in Sources */ = {isa = PBXBuildFile; fileRef = EC89FF6F1F60EF8F00C43686 /* YSMoreViewController.swift */; };
		EC89FF721F60F28A00C43686 /* YSMoreLayout.swift in Sources */ = {isa = PBXBuildFile; fileRef = EC89FF711F60F28A00C43686 /* YSMoreLayout.swift */; };
		EC89FF761F61242C00C43686 /* InlineFunc.swift in Sources */ = {isa = PBXBuildFile; fileRef = EC89FF751F61242C00C43686 /* InlineFunc.swift */; };
		EC89FF791F613E7800C43686 /* YSMoreImageCollectionReusableView.swift in Sources */ = {isa = PBXBuildFile; fileRef = EC89FF771F613E7800C43686 /* YSMoreImageCollectionReusableView.swift */; };
		EC89FF7A1F613E7800C43686 /* YSMoreImageCollectionReusableView.xib in Resources */ = {isa = PBXBuildFile; fileRef = EC89FF781F613E7800C43686 /* YSMoreImageCollectionReusableView.xib */; };
		EC89FF7D1F614D1500C43686 /* YSMeTableViewCell.swift in Sources */ = {isa = PBXBuildFile; fileRef = EC89FF7B1F614D1500C43686 /* YSMeTableViewCell.swift */; };
		EC89FF7E1F614D1500C43686 /* YSMeTableViewCell.xib in Resources */ = {isa = PBXBuildFile; fileRef = EC89FF7C1F614D1500C43686 /* YSMeTableViewCell.xib */; };
		ECACE29F1F62212D00A6207C /* YSEditMeViewController.swift in Sources */ = {isa = PBXBuildFile; fileRef = ECACE29D1F62212D00A6207C /* YSEditMeViewController.swift */; };
		ECACE2A01F62212D00A6207C /* YSEditMeViewController.xib in Resources */ = {isa = PBXBuildFile; fileRef = ECACE29E1F62212D00A6207C /* YSEditMeViewController.xib */; };
		ECACE2A31F62237500A6207C /* YSEditMeTableViewCell.swift in Sources */ = {isa = PBXBuildFile; fileRef = ECACE2A11F62237500A6207C /* YSEditMeTableViewCell.swift */; };
		ECACE2A41F62237500A6207C /* YSEditMeTableViewCell.xib in Resources */ = {isa = PBXBuildFile; fileRef = ECACE2A21F62237500A6207C /* YSEditMeTableViewCell.xib */; };
		ECACE2A71F62256500A6207C /* YSEditMeImageTableViewCell.swift in Sources */ = {isa = PBXBuildFile; fileRef = ECACE2A51F62256500A6207C /* YSEditMeImageTableViewCell.swift */; };
		ECACE2A81F62256500A6207C /* YSEditMeImageTableViewCell.xib in Resources */ = {isa = PBXBuildFile; fileRef = ECACE2A61F62256500A6207C /* YSEditMeImageTableViewCell.xib */; };
		ECACE2AB1F623B4F00A6207C /* YSEditMeTextFieldViewController.swift in Sources */ = {isa = PBXBuildFile; fileRef = ECACE2A91F623B4F00A6207C /* YSEditMeTextFieldViewController.swift */; };
		ECACE2AC1F623B4F00A6207C /* YSEditMeTextFieldViewController.xib in Resources */ = {isa = PBXBuildFile; fileRef = ECACE2AA1F623B4F00A6207C /* YSEditMeTextFieldViewController.xib */; };
		ECACE2AE1F628EE600A6207C /* YSEditPrivacySettingViewController.swift in Sources */ = {isa = PBXBuildFile; fileRef = ECACE2AD1F628EE600A6207C /* YSEditPrivacySettingViewController.swift */; };
		ECACE2B11F628F5C00A6207C /* YSEditPrivacyTableViewCell.swift in Sources */ = {isa = PBXBuildFile; fileRef = ECACE2AF1F628F5C00A6207C /* YSEditPrivacyTableViewCell.swift */; };
		ECACE2B21F628F5C00A6207C /* YSEditPrivacyTableViewCell.xib in Resources */ = {isa = PBXBuildFile; fileRef = ECACE2B01F628F5C00A6207C /* YSEditPrivacyTableViewCell.xib */; };
		ECACE2B41F629B4E00A6207C /* YSWebViewController.swift in Sources */ = {isa = PBXBuildFile; fileRef = ECACE2B31F629B4E00A6207C /* YSWebViewController.swift */; };
		EE292C7A3A3DFD8F86FCF55C /* Pods_YuShu.framework in Frameworks */ = {isa = PBXBuildFile; fileRef = 54032F9999E05309CA785BA0 /* Pods_YuShu.framework */; };
/* End PBXBuildFile section */

/* Begin PBXContainerItemProxy section */
		184351871F5CF0A900BB86CA /* PBXContainerItemProxy */ = {
			isa = PBXContainerItemProxy;
			containerPortal = 1843516A1F5CF0A800BB86CA /* Project object */;
			proxyType = 1;
			remoteGlobalIDString = 184351711F5CF0A800BB86CA;
			remoteInfo = YuShu;
		};
		184351921F5CF0A900BB86CA /* PBXContainerItemProxy */ = {
			isa = PBXContainerItemProxy;
			containerPortal = 1843516A1F5CF0A800BB86CA /* Project object */;
			proxyType = 1;
			remoteGlobalIDString = 184351711F5CF0A800BB86CA;
			remoteInfo = YuShu;
		};
/* End PBXContainerItemProxy section */

/* Begin PBXFileReference section */
		184351721F5CF0A800BB86CA /* YuShu.app */ = {isa = PBXFileReference; explicitFileType = wrapper.application; includeInIndex = 0; path = YuShu.app; sourceTree = BUILT_PRODUCTS_DIR; };
		184351861F5CF0A900BB86CA /* YuShuTests.xctest */ = {isa = PBXFileReference; explicitFileType = wrapper.cfbundle; includeInIndex = 0; path = YuShuTests.xctest; sourceTree = BUILT_PRODUCTS_DIR; };
		1843518A1F5CF0A900BB86CA /* YuShuTests.swift */ = {isa = PBXFileReference; lastKnownFileType = sourcecode.swift; path = YuShuTests.swift; sourceTree = "<group>"; };
		1843518C1F5CF0A900BB86CA /* Info.plist */ = {isa = PBXFileReference; lastKnownFileType = text.plist.xml; path = Info.plist; sourceTree = "<group>"; };
		184351911F5CF0A900BB86CA /* YuShuUITests.xctest */ = {isa = PBXFileReference; explicitFileType = wrapper.cfbundle; includeInIndex = 0; path = YuShuUITests.xctest; sourceTree = BUILT_PRODUCTS_DIR; };
		184351951F5CF0A900BB86CA /* YuShuUITests.swift */ = {isa = PBXFileReference; lastKnownFileType = sourcecode.swift; path = YuShuUITests.swift; sourceTree = "<group>"; };
		184351971F5CF0A900BB86CA /* Info.plist */ = {isa = PBXFileReference; lastKnownFileType = text.plist.xml; path = Info.plist; sourceTree = "<group>"; };
		184351A51F5CF54200BB86CA /* AppDelegate+AppService.swift */ = {isa = PBXFileReference; fileEncoding = 4; lastKnownFileType = sourcecode.swift; path = "AppDelegate+AppService.swift"; sourceTree = "<group>"; };
		184351A61F5CF54200BB86CA /* AppDelegate.swift */ = {isa = PBXFileReference; fileEncoding = 4; lastKnownFileType = sourcecode.swift; path = AppDelegate.swift; sourceTree = "<group>"; };
		184351A81F5CF54200BB86CA /* CommonConstant.swift */ = {isa = PBXFileReference; fileEncoding = 4; lastKnownFileType = sourcecode.swift; path = CommonConstant.swift; sourceTree = "<group>"; };
		184351A91F5CF54200BB86CA /* NotificationNameConstant.swift */ = {isa = PBXFileReference; fileEncoding = 4; lastKnownFileType = sourcecode.swift; path = NotificationNameConstant.swift; sourceTree = "<group>"; };
		184351AA1F5CF54200BB86CA /* UrlsConstant.swift */ = {isa = PBXFileReference; fileEncoding = 4; lastKnownFileType = sourcecode.swift; path = UrlsConstant.swift; sourceTree = "<group>"; };
		184351AB1F5CF54200BB86CA /* UtilsConstant.swift */ = {isa = PBXFileReference; fileEncoding = 4; lastKnownFileType = sourcecode.swift; path = UtilsConstant.swift; sourceTree = "<group>"; };
		184351B01F5CF54200BB86CA /* BaseApiModel.swift */ = {isa = PBXFileReference; fileEncoding = 4; lastKnownFileType = sourcecode.swift; path = BaseApiModel.swift; sourceTree = "<group>"; };
		184351B11F5CF54200BB86CA /* CircleApi.swift */ = {isa = PBXFileReference; fileEncoding = 4; lastKnownFileType = sourcecode.swift; path = CircleApi.swift; sourceTree = "<group>"; };
		184351B21F5CF54200BB86CA /* HomeApi.swift */ = {isa = PBXFileReference; fileEncoding = 4; lastKnownFileType = sourcecode.swift; path = HomeApi.swift; sourceTree = "<group>"; };
		184351B31F5CF54200BB86CA /* UserApi.swift */ = {isa = PBXFileReference; fileEncoding = 4; lastKnownFileType = sourcecode.swift; path = UserApi.swift; sourceTree = "<group>"; };
		184351B41F5CF54200BB86CA /* NetworkManager.swift */ = {isa = PBXFileReference; fileEncoding = 4; lastKnownFileType = sourcecode.swift; path = NetworkManager.swift; sourceTree = "<group>"; };
		184351B51F5CF54200BB86CA /* Observable+ObjectMapper.swift */ = {isa = PBXFileReference; fileEncoding = 4; lastKnownFileType = sourcecode.swift; path = "Observable+ObjectMapper.swift"; sourceTree = "<group>"; };
		184351B61F5CF54200BB86CA /* Response+ObjectMapper.swift */ = {isa = PBXFileReference; fileEncoding = 4; lastKnownFileType = sourcecode.swift; path = "Response+ObjectMapper.swift"; sourceTree = "<group>"; };
		184351B81F5CF54200BB86CA /* UserInfo.swift */ = {isa = PBXFileReference; fileEncoding = 4; lastKnownFileType = sourcecode.swift; path = UserInfo.swift; sourceTree = "<group>"; };
		184351B91F5CF54200BB86CA /* UserManager.swift */ = {isa = PBXFileReference; fileEncoding = 4; lastKnownFileType = sourcecode.swift; path = UserManager.swift; sourceTree = "<group>"; };
		184351BA1F5CF54200BB86CA /* UserProfileManager.swift */ = {isa = PBXFileReference; fileEncoding = 4; lastKnownFileType = sourcecode.swift; path = UserProfileManager.swift; sourceTree = "<group>"; };
		184351BD1F5CF54200BB86CA /* UnRead.swift */ = {isa = PBXFileReference; fileEncoding = 4; lastKnownFileType = sourcecode.swift; path = UnRead.swift; sourceTree = "<group>"; };
		184351BE1F5CF54200BB86CA /* WXMessage.swift */ = {isa = PBXFileReference; fileEncoding = 4; lastKnownFileType = sourcecode.swift; path = WXMessage.swift; sourceTree = "<group>"; };
		184351DE1F5CF54200BB86CA /* LoadingViewController.swift */ = {isa = PBXFileReference; fileEncoding = 4; lastKnownFileType = sourcecode.swift; path = LoadingViewController.swift; sourceTree = "<group>"; };
		184351DF1F5CF54200BB86CA /* LoadingViewController.xib */ = {isa = PBXFileReference; fileEncoding = 4; lastKnownFileType = file.xib; path = LoadingViewController.xib; sourceTree = "<group>"; };
		184351E21F5CF54200BB86CA /* Base */ = {isa = PBXFileReference; lastKnownFileType = file.xib; name = Base; path = Base.lproj/LoginViewController.xib; sourceTree = "<group>"; };
		184351E41F5CF54200BB86CA /* en */ = {isa = PBXFileReference; lastKnownFileType = text.plist.strings; name = en; path = en.lproj/LoginViewController.strings; sourceTree = "<group>"; };
		184351E51F5CF54200BB86CA /* LoginViewController.swift */ = {isa = PBXFileReference; fileEncoding = 4; lastKnownFileType = sourcecode.swift; path = LoginViewController.swift; sourceTree = "<group>"; };
		184351E61F5CF54200BB86CA /* RegisterXViewController.swift */ = {isa = PBXFileReference; fileEncoding = 4; lastKnownFileType = sourcecode.swift; path = RegisterXViewController.swift; sourceTree = "<group>"; };
		184351E71F5CF54200BB86CA /* RegisterXViewController.xib */ = {isa = PBXFileReference; fileEncoding = 4; lastKnownFileType = file.xib; path = RegisterXViewController.xib; sourceTree = "<group>"; };
		184351E81F5CF54200BB86CA /* zh-Hans */ = {isa = PBXFileReference; lastKnownFileType = text.plist.strings; name = "zh-Hans"; path = "zh-Hans.lproj/LoginViewController.strings"; sourceTree = "<group>"; };
		184351FD1F5CF54200BB86CA /* Assets.xcassets */ = {isa = PBXFileReference; lastKnownFileType = folder.assetcatalog; path = Assets.xcassets; sourceTree = "<group>"; };
		184351FF1F5CF54200BB86CA /* Base */ = {isa = PBXFileReference; lastKnownFileType = text.plist.strings; name = Base; path = Base.lproj/Localizable.strings; sourceTree = "<group>"; };
		184352001F5CF54200BB86CA /* en */ = {isa = PBXFileReference; lastKnownFileType = text.plist.strings; name = en; path = en.lproj/Localizable.strings; sourceTree = "<group>"; };
		184352011F5CF54200BB86CA /* Info.plist */ = {isa = PBXFileReference; fileEncoding = 4; lastKnownFileType = text.plist.xml; path = Info.plist; sourceTree = "<group>"; };
		184352021F5CF54200BB86CA /* InternManager-Bridging-Header.h */ = {isa = PBXFileReference; fileEncoding = 4; lastKnownFileType = sourcecode.c.h; path = "InternManager-Bridging-Header.h"; sourceTree = "<group>"; };
		184352031F5CF54200BB86CA /* LaunchScreen.storyboard */ = {isa = PBXFileReference; fileEncoding = 4; lastKnownFileType = file.storyboard; path = LaunchScreen.storyboard; sourceTree = "<group>"; };
		184352041F5CF54200BB86CA /* zh-Hans */ = {isa = PBXFileReference; lastKnownFileType = text.plist.strings; name = "zh-Hans"; path = "zh-Hans.lproj/Localizable.strings"; sourceTree = "<group>"; };
		184352061F5CF54200BB86CA /* RootNavigationController.swift */ = {isa = PBXFileReference; fileEncoding = 4; lastKnownFileType = sourcecode.swift; path = RootNavigationController.swift; sourceTree = "<group>"; };
		184352071F5CF54200BB86CA /* RootTabBarController.swift */ = {isa = PBXFileReference; fileEncoding = 4; lastKnownFileType = sourcecode.swift; path = RootTabBarController.swift; sourceTree = "<group>"; };
		184352081F5CF54200BB86CA /* RootViewController.swift */ = {isa = PBXFileReference; fileEncoding = 4; lastKnownFileType = sourcecode.swift; path = RootViewController.swift; sourceTree = "<group>"; };
		1843520B1F5CF54200BB86CA /* Date+Ex.swift */ = {isa = PBXFileReference; fileEncoding = 4; lastKnownFileType = sourcecode.swift; path = "Date+Ex.swift"; sourceTree = "<group>"; };
		1843520C1F5CF54200BB86CA /* RootViewController+Ex.swift */ = {isa = PBXFileReference; fileEncoding = 4; lastKnownFileType = sourcecode.swift; path = "RootViewController+Ex.swift"; sourceTree = "<group>"; };
		1843520D1F5CF54200BB86CA /* String+Ex.swift */ = {isa = PBXFileReference; fileEncoding = 4; lastKnownFileType = sourcecode.swift; path = "String+Ex.swift"; sourceTree = "<group>"; };
		1843520E1F5CF54200BB86CA /* UIColor+Ex.swift */ = {isa = PBXFileReference; fileEncoding = 4; lastKnownFileType = sourcecode.swift; path = "UIColor+Ex.swift"; sourceTree = "<group>"; };
		1843520F1F5CF54200BB86CA /* UITextField+LeftView.swift */ = {isa = PBXFileReference; fileEncoding = 4; lastKnownFileType = sourcecode.swift; path = "UITextField+LeftView.swift"; sourceTree = "<group>"; };
		184352101F5CF54200BB86CA /* UIView+Ex.swift */ = {isa = PBXFileReference; fileEncoding = 4; lastKnownFileType = sourcecode.swift; path = "UIView+Ex.swift"; sourceTree = "<group>"; };
		184352121F5CF54200BB86CA /* CommentToolView.swift */ = {isa = PBXFileReference; fileEncoding = 4; lastKnownFileType = sourcecode.swift; path = CommentToolView.swift; sourceTree = "<group>"; };
		184352131F5CF54200BB86CA /* CommentToolView.xib */ = {isa = PBXFileReference; fileEncoding = 4; lastKnownFileType = file.xib; path = CommentToolView.xib; sourceTree = "<group>"; };
		184352141F5CF54200BB86CA /* RSKPlaceholderTextView.swift */ = {isa = PBXFileReference; fileEncoding = 4; lastKnownFileType = sourcecode.swift; path = RSKPlaceholderTextView.swift; sourceTree = "<group>"; };
		184352161F5CF54200BB86CA /* RefreshFooter.swift */ = {isa = PBXFileReference; fileEncoding = 4; lastKnownFileType = sourcecode.swift; path = RefreshFooter.swift; sourceTree = "<group>"; };
		184352171F5CF54200BB86CA /* RefreshHeader.swift */ = {isa = PBXFileReference; fileEncoding = 4; lastKnownFileType = sourcecode.swift; path = RefreshHeader.swift; sourceTree = "<group>"; };
		184352181F5CF54200BB86CA /* WXActivityIndicatorView.swift */ = {isa = PBXFileReference; fileEncoding = 4; lastKnownFileType = sourcecode.swift; path = WXActivityIndicatorView.swift; sourceTree = "<group>"; };
		184352191F5CF54200BB86CA /* WXAlertController.swift */ = {isa = PBXFileReference; fileEncoding = 4; lastKnownFileType = sourcecode.swift; path = WXAlertController.swift; sourceTree = "<group>"; };
		1843521A1F5CF54200BB86CA /* WXProgressView.swift */ = {isa = PBXFileReference; fileEncoding = 4; lastKnownFileType = sourcecode.swift; path = WXProgressView.swift; sourceTree = "<group>"; };
		18884E3B1F62BC2100D285F7 /* YSHomeEightCollectionViewCell.swift */ = {isa = PBXFileReference; fileEncoding = 4; lastKnownFileType = sourcecode.swift; path = YSHomeEightCollectionViewCell.swift; sourceTree = "<group>"; };
		18884E3C1F62BC2100D285F7 /* YSHomeEightCollectionViewCell.xib */ = {isa = PBXFileReference; fileEncoding = 4; lastKnownFileType = file.xib; path = YSHomeEightCollectionViewCell.xib; sourceTree = "<group>"; };
		18884E3F1F62CB1500D285F7 /* YSAnnounceViewController.swift */ = {isa = PBXFileReference; fileEncoding = 4; lastKnownFileType = sourcecode.swift; path = YSAnnounceViewController.swift; sourceTree = "<group>"; };
		18884E411F62CEAD00D285F7 /* YSTransferViewController.swift */ = {isa = PBXFileReference; fileEncoding = 4; lastKnownFileType = sourcecode.swift; path = YSTransferViewController.swift; sourceTree = "<group>"; };
		18884E431F62CEDE00D285F7 /* YSPersonViewController.swift */ = {isa = PBXFileReference; fileEncoding = 4; lastKnownFileType = sourcecode.swift; path = YSPersonViewController.swift; sourceTree = "<group>"; };
		18884E451F62CF0400D285F7 /* YSVoteViewController.swift */ = {isa = PBXFileReference; fileEncoding = 4; lastKnownFileType = sourcecode.swift; path = YSVoteViewController.swift; sourceTree = "<group>"; };
		18884E471F62CF2500D285F7 /* YSForumViewController.swift */ = {isa = PBXFileReference; fileEncoding = 4; lastKnownFileType = sourcecode.swift; path = YSForumViewController.swift; sourceTree = "<group>"; };
		18884E491F62CF5100D285F7 /* YSFitViewController.swift */ = {isa = PBXFileReference; fileEncoding = 4; lastKnownFileType = sourcecode.swift; path = YSFitViewController.swift; sourceTree = "<group>"; };
		18884E4B1F62CF7300D285F7 /* YSPactViewController.swift */ = {isa = PBXFileReference; fileEncoding = 4; lastKnownFileType = sourcecode.swift; path = YSPactViewController.swift; sourceTree = "<group>"; };
		18884E4D1F62CF9300D285F7 /* YSRimViewController.swift */ = {isa = PBXFileReference; fileEncoding = 4; lastKnownFileType = sourcecode.swift; path = YSRimViewController.swift; sourceTree = "<group>"; };
		18884E4F1F62D04C00D285F7 /* Announce.swift */ = {isa = PBXFileReference; fileEncoding = 4; lastKnownFileType = sourcecode.swift; path = Announce.swift; sourceTree = "<group>"; };
		18D788361F5D33FE00312DF4 /* YSMeViewController.swift */ = {isa = PBXFileReference; fileEncoding = 4; lastKnownFileType = sourcecode.swift; path = YSMeViewController.swift; sourceTree = "<group>"; };
		18D7883B1F5D359D00312DF4 /* YSInterViewController.swift */ = {isa = PBXFileReference; fileEncoding = 4; lastKnownFileType = sourcecode.swift; path = YSInterViewController.swift; sourceTree = "<group>"; };
		18D7883D1F5D36B600312DF4 /* YSHomeCollectionViewCell.swift */ = {isa = PBXFileReference; fileEncoding = 4; lastKnownFileType = sourcecode.swift; path = YSHomeCollectionViewCell.swift; sourceTree = "<group>"; };
		18D7883E1F5D36B600312DF4 /* YSHomeCollectionViewCell.xib */ = {isa = PBXFileReference; fileEncoding = 4; lastKnownFileType = file.xib; path = YSHomeCollectionViewCell.xib; sourceTree = "<group>"; };
		18E4F6041F66157E0042FE72 /* AnnounceTableViewCell.swift */ = {isa = PBXFileReference; fileEncoding = 4; lastKnownFileType = sourcecode.swift; path = AnnounceTableViewCell.swift; sourceTree = "<group>"; };
		18E4F6051F66157E0042FE72 /* AnnounceTableViewCell.xib */ = {isa = PBXFileReference; fileEncoding = 4; lastKnownFileType = file.xib; path = AnnounceTableViewCell.xib; sourceTree = "<group>"; };
		18EF42761F5CFBC4008280F3 /* YSHomeViewController.swift */ = {isa = PBXFileReference; fileEncoding = 4; lastKnownFileType = sourcecode.swift; path = YSHomeViewController.swift; sourceTree = "<group>"; };
		18EF42781F5CFC08008280F3 /* YSHomeTableViewCell.swift */ = {isa = PBXFileReference; fileEncoding = 4; lastKnownFileType = sourcecode.swift; path = YSHomeTableViewCell.swift; sourceTree = "<group>"; };
		18EF42791F5CFC08008280F3 /* YSHomeTableViewCell.xib */ = {isa = PBXFileReference; fileEncoding = 4; lastKnownFileType = file.xib; path = YSHomeTableViewCell.xib; sourceTree = "<group>"; };
		18EF427C1F5CFC33008280F3 /* YSHomeHeadView.swift */ = {isa = PBXFileReference; fileEncoding = 4; lastKnownFileType = sourcecode.swift; path = YSHomeHeadView.swift; sourceTree = "<group>"; };
		18EF427E1F5CFC42008280F3 /* YSHomeHeadView.xib */ = {isa = PBXFileReference; fileEncoding = 4; lastKnownFileType = file.xib; path = YSHomeHeadView.xib; sourceTree = "<group>"; };
		2853244807EDE95540408550 /* Pods-YuShuUITests.release.xcconfig */ = {isa = PBXFileReference; includeInIndex = 1; lastKnownFileType = text.xcconfig; name = "Pods-YuShuUITests.release.xcconfig"; path = "Pods/Target Support Files/Pods-YuShuUITests/Pods-YuShuUITests.release.xcconfig"; sourceTree = "<group>"; };
		4A09687E6598B0289BA1E3C0 /* Pods-YuShuTests.release.xcconfig */ = {isa = PBXFileReference; includeInIndex = 1; lastKnownFileType = text.xcconfig; name = "Pods-YuShuTests.release.xcconfig"; path = "Pods/Target Support Files/Pods-YuShuTests/Pods-YuShuTests.release.xcconfig"; sourceTree = "<group>"; };
		54032F9999E05309CA785BA0 /* Pods_YuShu.framework */ = {isa = PBXFileReference; explicitFileType = wrapper.framework; includeInIndex = 0; path = Pods_YuShu.framework; sourceTree = BUILT_PRODUCTS_DIR; };
		65E2C89A8A8AB2050818DE13 /* Pods-YuShuTests.debug.xcconfig */ = {isa = PBXFileReference; includeInIndex = 1; lastKnownFileType = text.xcconfig; name = "Pods-YuShuTests.debug.xcconfig"; path = "Pods/Target Support Files/Pods-YuShuTests/Pods-YuShuTests.debug.xcconfig"; sourceTree = "<group>"; };
		7AB081D624AAA25F7D91F256 /* Pods-YuShu.release.xcconfig */ = {isa = PBXFileReference; includeInIndex = 1; lastKnownFileType = text.xcconfig; name = "Pods-YuShu.release.xcconfig"; path = "Pods/Target Support Files/Pods-YuShu/Pods-YuShu.release.xcconfig"; sourceTree = "<group>"; };
		C970ECE0193764933CEE935E /* Pods_YuShuTests.framework */ = {isa = PBXFileReference; explicitFileType = wrapper.framework; includeInIndex = 0; path = Pods_YuShuTests.framework; sourceTree = BUILT_PRODUCTS_DIR; };
		CCDD7A373A2809C17DD51C7C /* Pods-YuShuUITests.debug.xcconfig */ = {isa = PBXFileReference; includeInIndex = 1; lastKnownFileType = text.xcconfig; name = "Pods-YuShuUITests.debug.xcconfig"; path = "Pods/Target Support Files/Pods-YuShuUITests/Pods-YuShuUITests.debug.xcconfig"; sourceTree = "<group>"; };
		D930E970EC2C340921D7C8E2 /* Pods_YuShuUITests.framework */ = {isa = PBXFileReference; explicitFileType = wrapper.framework; includeInIndex = 0; path = Pods_YuShuUITests.framework; sourceTree = BUILT_PRODUCTS_DIR; };
		EC1661271F6669AD00B0982A /* Person.swift */ = {isa = PBXFileReference; fileEncoding = 4; lastKnownFileType = sourcecode.swift; path = Person.swift; sourceTree = "<group>"; };
		EC1661291F666D0400B0982A /* YSPersonCollectionViewCell.swift */ = {isa = PBXFileReference; fileEncoding = 4; lastKnownFileType = sourcecode.swift; path = YSPersonCollectionViewCell.swift; sourceTree = "<group>"; };
		EC16612A1F666D0400B0982A /* YSPersonCollectionViewCell.xib */ = {isa = PBXFileReference; fileEncoding = 4; lastKnownFileType = file.xib; path = YSPersonCollectionViewCell.xib; sourceTree = "<group>"; };
		EC16612D1F66766400B0982A /* YSVoteTableViewCell.swift */ = {isa = PBXFileReference; fileEncoding = 4; lastKnownFileType = sourcecode.swift; path = YSVoteTableViewCell.swift; sourceTree = "<group>"; };
		EC16612E1F66766400B0982A /* YSVoteTableViewCell.xib */ = {isa = PBXFileReference; fileEncoding = 4; lastKnownFileType = file.xib; path = YSVoteTableViewCell.xib; sourceTree = "<group>"; };
		EC1661311F667F7600B0982A /* YSVoteMemberLayout.swift */ = {isa = PBXFileReference; fileEncoding = 4; lastKnownFileType = sourcecode.swift; path = YSVoteMemberLayout.swift; sourceTree = "<group>"; };
		EC1661331F668B8C00B0982A /* Vote.swift */ = {isa = PBXFileReference; fileEncoding = 4; lastKnownFileType = sourcecode.swift; path = Vote.swift; sourceTree = "<group>"; };
		EC260CBB1F5EA0330046F576 /* YSHomeShowTableViewCell.swift */ = {isa = PBXFileReference; fileEncoding = 4; lastKnownFileType = sourcecode.swift; path = YSHomeShowTableViewCell.swift; sourceTree = "<group>"; };
		EC260CBC1F5EA0330046F576 /* YSHomeShowTableViewCell.xib */ = {isa = PBXFileReference; fileEncoding = 4; lastKnownFileType = file.xib; path = YSHomeShowTableViewCell.xib; sourceTree = "<group>"; };
		EC7CB94C1F676D62009CE9BC /* YSUserHeadCollectionViewCell.swift */ = {isa = PBXFileReference; fileEncoding = 4; lastKnownFileType = sourcecode.swift; path = YSUserHeadCollectionViewCell.swift; sourceTree = "<group>"; };
		EC7CB94D1F676D62009CE9BC /* YSUserHeadCollectionViewCell.xib */ = {isa = PBXFileReference; fileEncoding = 4; lastKnownFileType = file.xib; path = YSUserHeadCollectionViewCell.xib; sourceTree = "<group>"; };
		EC7CB9501F67756C009CE9BC /* YSAnnounceDetailViewController.swift */ = {isa = PBXFileReference; fileEncoding = 4; lastKnownFileType = sourcecode.swift; path = YSAnnounceDetailViewController.swift; sourceTree = "<group>"; };
		EC7CB9521F678633009CE9BC /* Comment.swift */ = {isa = PBXFileReference; fileEncoding = 4; lastKnownFileType = sourcecode.swift; path = Comment.swift; sourceTree = "<group>"; };
		EC7CB9541F6786A2009CE9BC /* YSCommentTableViewCell.swift */ = {isa = PBXFileReference; fileEncoding = 4; lastKnownFileType = sourcecode.swift; path = YSCommentTableViewCell.swift; sourceTree = "<group>"; };
		EC7CB9551F6786A2009CE9BC /* YSCommentTableViewCell.xib */ = {isa = PBXFileReference; fileEncoding = 4; lastKnownFileType = file.xib; path = YSCommentTableViewCell.xib; sourceTree = "<group>"; };
		EC7CB9581F67BB6D009CE9BC /* YSVoteDetailViewController.swift */ = {isa = PBXFileReference; fileEncoding = 4; lastKnownFileType = sourcecode.swift; path = YSVoteDetailViewController.swift; sourceTree = "<group>"; };
		EC7CB95A1F67BE1B009CE9BC /* YSVoteOptionTableViewCell.swift */ = {isa = PBXFileReference; fileEncoding = 4; lastKnownFileType = sourcecode.swift; path = YSVoteOptionTableViewCell.swift; sourceTree = "<group>"; };
		EC7CB95B1F67BE1B009CE9BC /* YSVoteOptionTableViewCell.xib */ = {isa = PBXFileReference; fileEncoding = 4; lastKnownFileType = file.xib; path = YSVoteOptionTableViewCell.xib; sourceTree = "<group>"; };
		EC7CB95E1F67C0DE009CE9BC /* YSVoteDetailHeader.swift */ = {isa = PBXFileReference; fileEncoding = 4; lastKnownFileType = sourcecode.swift; path = YSVoteDetailHeader.swift; sourceTree = "<group>"; };
		EC7CB9601F67C0F4009CE9BC /* YSVoteDetailHeader.xib */ = {isa = PBXFileReference; fileEncoding = 4; lastKnownFileType = file.xib; path = YSVoteDetailHeader.xib; sourceTree = "<group>"; };
		EC7CB9621F67DDA7009CE9BC /* FootFuncButton.swift */ = {isa = PBXFileReference; fileEncoding = 4; lastKnownFileType = sourcecode.swift; path = FootFuncButton.swift; sourceTree = "<group>"; };
		EC84077F1F6A5D86009E6721 /* YSInterCollectionViewCell.swift */ = {isa = PBXFileReference; fileEncoding = 4; lastKnownFileType = sourcecode.swift; path = YSInterCollectionViewCell.swift; sourceTree = "<group>"; };
		EC8407801F6A5D86009E6721 /* YSInterCollectionViewCell.xib */ = {isa = PBXFileReference; fileEncoding = 4; lastKnownFileType = file.xib; path = YSInterCollectionViewCell.xib; sourceTree = "<group>"; };
		EC8407831F6A6220009E6721 /* Floor.swift */ = {isa = PBXFileReference; fileEncoding = 4; lastKnownFileType = sourcecode.swift; path = Floor.swift; sourceTree = "<group>"; };
		EC8407851F6A7003009E6721 /* YSRoomCollectionViewCell.swift */ = {isa = PBXFileReference; fileEncoding = 4; lastKnownFileType = sourcecode.swift; path = YSRoomCollectionViewCell.swift; sourceTree = "<group>"; };
		EC8407861F6A7003009E6721 /* YSRoomCollectionViewCell.xib */ = {isa = PBXFileReference; fileEncoding = 4; lastKnownFileType = file.xib; path = YSRoomCollectionViewCell.xib; sourceTree = "<group>"; };
		EC8407891F6A75BB009E6721 /* YSRoomListViewController.swift */ = {isa = PBXFileReference; fileEncoding = 4; lastKnownFileType = sourcecode.swift; path = YSRoomListViewController.swift; sourceTree = "<group>"; };
		EC84078B1F6A7FFE009E6721 /* YSUserListView.swift */ = {isa = PBXFileReference; fileEncoding = 4; lastKnownFileType = sourcecode.swift; path = YSUserListView.swift; sourceTree = "<group>"; };
		EC895AEB1F5F7E4B00D55EB8 /* DispatchSource+Ex.swift */ = {isa = PBXFileReference; fileEncoding = 4; lastKnownFileType = sourcecode.swift; path = "DispatchSource+Ex.swift"; sourceTree = "<group>"; };
		EC895AF11F5FD0DB00D55EB8 /* YSMeHeadView.swift */ = {isa = PBXFileReference; fileEncoding = 4; lastKnownFileType = sourcecode.swift; path = YSMeHeadView.swift; sourceTree = "<group>"; };
		EC895AF31F5FD0FD00D55EB8 /* YSMeHeadView.xib */ = {isa = PBXFileReference; fileEncoding = 4; lastKnownFileType = file.xib; path = YSMeHeadView.xib; sourceTree = "<group>"; };
		EC895AF51F5FD66000D55EB8 /* YSMeHeadCollectionViewCell.swift */ = {isa = PBXFileReference; fileEncoding = 4; lastKnownFileType = sourcecode.swift; path = YSMeHeadCollectionViewCell.swift; sourceTree = "<group>"; };
		EC895AF61F5FD66000D55EB8 /* YSMeHeadCollectionViewCell.xib */ = {isa = PBXFileReference; fileEncoding = 4; lastKnownFileType = file.xib; path = YSMeHeadCollectionViewCell.xib; sourceTree = "<group>"; };
		EC895AFB1F5FFC3C00D55EB8 /* HomeInfo.swift */ = {isa = PBXFileReference; fileEncoding = 4; lastKnownFileType = sourcecode.swift; path = HomeInfo.swift; sourceTree = "<group>"; };
		EC89FF6F1F60EF8F00C43686 /* YSMoreViewController.swift */ = {isa = PBXFileReference; fileEncoding = 4; lastKnownFileType = sourcecode.swift; path = YSMoreViewController.swift; sourceTree = "<group>"; };
		EC89FF711F60F28A00C43686 /* YSMoreLayout.swift */ = {isa = PBXFileReference; fileEncoding = 4; lastKnownFileType = sourcecode.swift; path = YSMoreLayout.swift; sourceTree = "<group>"; };
		EC89FF751F61242C00C43686 /* InlineFunc.swift */ = {isa = PBXFileReference; fileEncoding = 4; lastKnownFileType = sourcecode.swift; path = InlineFunc.swift; sourceTree = "<group>"; };
		EC89FF771F613E7800C43686 /* YSMoreImageCollectionReusableView.swift */ = {isa = PBXFileReference; fileEncoding = 4; lastKnownFileType = sourcecode.swift; path = YSMoreImageCollectionReusableView.swift; sourceTree = "<group>"; };
		EC89FF781F613E7800C43686 /* YSMoreImageCollectionReusableView.xib */ = {isa = PBXFileReference; fileEncoding = 4; lastKnownFileType = file.xib; path = YSMoreImageCollectionReusableView.xib; sourceTree = "<group>"; };
		EC89FF7B1F614D1500C43686 /* YSMeTableViewCell.swift */ = {isa = PBXFileReference; fileEncoding = 4; lastKnownFileType = sourcecode.swift; path = YSMeTableViewCell.swift; sourceTree = "<group>"; };
		EC89FF7C1F614D1500C43686 /* YSMeTableViewCell.xib */ = {isa = PBXFileReference; fileEncoding = 4; lastKnownFileType = file.xib; path = YSMeTableViewCell.xib; sourceTree = "<group>"; };
		ECACE29D1F62212D00A6207C /* YSEditMeViewController.swift */ = {isa = PBXFileReference; fileEncoding = 4; lastKnownFileType = sourcecode.swift; path = YSEditMeViewController.swift; sourceTree = "<group>"; };
		ECACE29E1F62212D00A6207C /* YSEditMeViewController.xib */ = {isa = PBXFileReference; fileEncoding = 4; lastKnownFileType = file.xib; path = YSEditMeViewController.xib; sourceTree = "<group>"; };
		ECACE2A11F62237500A6207C /* YSEditMeTableViewCell.swift */ = {isa = PBXFileReference; fileEncoding = 4; lastKnownFileType = sourcecode.swift; path = YSEditMeTableViewCell.swift; sourceTree = "<group>"; };
		ECACE2A21F62237500A6207C /* YSEditMeTableViewCell.xib */ = {isa = PBXFileReference; fileEncoding = 4; lastKnownFileType = file.xib; path = YSEditMeTableViewCell.xib; sourceTree = "<group>"; };
		ECACE2A51F62256500A6207C /* YSEditMeImageTableViewCell.swift */ = {isa = PBXFileReference; fileEncoding = 4; lastKnownFileType = sourcecode.swift; path = YSEditMeImageTableViewCell.swift; sourceTree = "<group>"; };
		ECACE2A61F62256500A6207C /* YSEditMeImageTableViewCell.xib */ = {isa = PBXFileReference; fileEncoding = 4; lastKnownFileType = file.xib; path = YSEditMeImageTableViewCell.xib; sourceTree = "<group>"; };
		ECACE2A91F623B4F00A6207C /* YSEditMeTextFieldViewController.swift */ = {isa = PBXFileReference; fileEncoding = 4; lastKnownFileType = sourcecode.swift; path = YSEditMeTextFieldViewController.swift; sourceTree = "<group>"; };
		ECACE2AA1F623B4F00A6207C /* YSEditMeTextFieldViewController.xib */ = {isa = PBXFileReference; fileEncoding = 4; lastKnownFileType = file.xib; path = YSEditMeTextFieldViewController.xib; sourceTree = "<group>"; };
		ECACE2AD1F628EE600A6207C /* YSEditPrivacySettingViewController.swift */ = {isa = PBXFileReference; fileEncoding = 4; lastKnownFileType = sourcecode.swift; path = YSEditPrivacySettingViewController.swift; sourceTree = "<group>"; };
		ECACE2AF1F628F5C00A6207C /* YSEditPrivacyTableViewCell.swift */ = {isa = PBXFileReference; fileEncoding = 4; lastKnownFileType = sourcecode.swift; path = YSEditPrivacyTableViewCell.swift; sourceTree = "<group>"; };
		ECACE2B01F628F5C00A6207C /* YSEditPrivacyTableViewCell.xib */ = {isa = PBXFileReference; fileEncoding = 4; lastKnownFileType = file.xib; path = YSEditPrivacyTableViewCell.xib; sourceTree = "<group>"; };
		ECACE2B31F629B4E00A6207C /* YSWebViewController.swift */ = {isa = PBXFileReference; fileEncoding = 4; lastKnownFileType = sourcecode.swift; path = YSWebViewController.swift; sourceTree = "<group>"; };
		F8CFB6C04910FD2D24498985 /* Pods-YuShu.debug.xcconfig */ = {isa = PBXFileReference; includeInIndex = 1; lastKnownFileType = text.xcconfig; name = "Pods-YuShu.debug.xcconfig"; path = "Pods/Target Support Files/Pods-YuShu/Pods-YuShu.debug.xcconfig"; sourceTree = "<group>"; };
/* End PBXFileReference section */

/* Begin PBXFrameworksBuildPhase section */
		1843516F1F5CF0A800BB86CA /* Frameworks */ = {
			isa = PBXFrameworksBuildPhase;
			buildActionMask = 2147483647;
			files = (
				EE292C7A3A3DFD8F86FCF55C /* Pods_YuShu.framework in Frameworks */,
			);
			runOnlyForDeploymentPostprocessing = 0;
		};
		184351831F5CF0A900BB86CA /* Frameworks */ = {
			isa = PBXFrameworksBuildPhase;
			buildActionMask = 2147483647;
			files = (
				6D886BD1633AE8BBF3C75E4B /* Pods_YuShuTests.framework in Frameworks */,
			);
			runOnlyForDeploymentPostprocessing = 0;
		};
		1843518E1F5CF0A900BB86CA /* Frameworks */ = {
			isa = PBXFrameworksBuildPhase;
			buildActionMask = 2147483647;
			files = (
				3F2823D49133615B76001899 /* Pods_YuShuUITests.framework in Frameworks */,
			);
			runOnlyForDeploymentPostprocessing = 0;
		};
/* End PBXFrameworksBuildPhase section */

/* Begin PBXGroup section */
		184351691F5CF0A800BB86CA = {
			isa = PBXGroup;
			children = (
				184351741F5CF0A800BB86CA /* YuShu */,
				184351891F5CF0A900BB86CA /* YuShuTests */,
				184351941F5CF0A900BB86CA /* YuShuUITests */,
				184351731F5CF0A800BB86CA /* Products */,
				DB740D81AF9D8E7267E41991 /* Pods */,
				CD2DF5DE67E396EC84B56915 /* Frameworks */,
			);
			sourceTree = "<group>";
		};
		184351731F5CF0A800BB86CA /* Products */ = {
			isa = PBXGroup;
			children = (
				184351721F5CF0A800BB86CA /* YuShu.app */,
				184351861F5CF0A900BB86CA /* YuShuTests.xctest */,
				184351911F5CF0A900BB86CA /* YuShuUITests.xctest */,
			);
			name = Products;
			sourceTree = "<group>";
		};
		184351741F5CF0A800BB86CA /* YuShu */ = {
			isa = PBXGroup;
			children = (
				184351A31F5CF54200BB86CA /* Classes */,
			);
			path = YuShu;
			sourceTree = "<group>";
		};
		184351891F5CF0A900BB86CA /* YuShuTests */ = {
			isa = PBXGroup;
			children = (
				1843518A1F5CF0A900BB86CA /* YuShuTests.swift */,
				1843518C1F5CF0A900BB86CA /* Info.plist */,
			);
			path = YuShuTests;
			sourceTree = "<group>";
		};
		184351941F5CF0A900BB86CA /* YuShuUITests */ = {
			isa = PBXGroup;
			children = (
				184351951F5CF0A900BB86CA /* YuShuUITests.swift */,
				184351971F5CF0A900BB86CA /* Info.plist */,
			);
			path = YuShuUITests;
			sourceTree = "<group>";
		};
		184351A31F5CF54200BB86CA /* Classes */ = {
			isa = PBXGroup;
			children = (
				184351A41F5CF54200BB86CA /* AppDelegate */,
				184351A71F5CF54200BB86CA /* Constant */,
				184351AC1F5CF54200BB86CA /* Manager */,
				184351BB1F5CF54200BB86CA /* Modules */,
				184351FC1F5CF54200BB86CA /* Other */,
				184352051F5CF54200BB86CA /* Root */,
				184352091F5CF54200BB86CA /* Tools */,
				184352151F5CF54200BB86CA /* Utils */,
			);
			path = Classes;
			sourceTree = "<group>";
		};
		184351A41F5CF54200BB86CA /* AppDelegate */ = {
			isa = PBXGroup;
			children = (
				184351A51F5CF54200BB86CA /* AppDelegate+AppService.swift */,
				184351A61F5CF54200BB86CA /* AppDelegate.swift */,
			);
			path = AppDelegate;
			sourceTree = "<group>";
		};
		184351A71F5CF54200BB86CA /* Constant */ = {
			isa = PBXGroup;
			children = (
				184351A81F5CF54200BB86CA /* CommonConstant.swift */,
				184351A91F5CF54200BB86CA /* NotificationNameConstant.swift */,
				184351AA1F5CF54200BB86CA /* UrlsConstant.swift */,
				184351AB1F5CF54200BB86CA /* UtilsConstant.swift */,
				EC89FF751F61242C00C43686 /* InlineFunc.swift */,
			);
			path = Constant;
			sourceTree = "<group>";
		};
		184351AC1F5CF54200BB86CA /* Manager */ = {
			isa = PBXGroup;
			children = (
				184351AE1F5CF54200BB86CA /* NetworkManager */,
				184351B71F5CF54200BB86CA /* UserManager */,
			);
			path = Manager;
			sourceTree = "<group>";
		};
		184351AE1F5CF54200BB86CA /* NetworkManager */ = {
			isa = PBXGroup;
			children = (
				184351AF1F5CF54200BB86CA /* API */,
				184351B41F5CF54200BB86CA /* NetworkManager.swift */,
				184351B51F5CF54200BB86CA /* Observable+ObjectMapper.swift */,
				184351B61F5CF54200BB86CA /* Response+ObjectMapper.swift */,
			);
			path = NetworkManager;
			sourceTree = "<group>";
		};
		184351AF1F5CF54200BB86CA /* API */ = {
			isa = PBXGroup;
			children = (
				184351B01F5CF54200BB86CA /* BaseApiModel.swift */,
				184351B11F5CF54200BB86CA /* CircleApi.swift */,
				184351B21F5CF54200BB86CA /* HomeApi.swift */,
				184351B31F5CF54200BB86CA /* UserApi.swift */,
			);
			path = API;
			sourceTree = "<group>";
		};
		184351B71F5CF54200BB86CA /* UserManager */ = {
			isa = PBXGroup;
			children = (
				184351B81F5CF54200BB86CA /* UserInfo.swift */,
				184351B91F5CF54200BB86CA /* UserManager.swift */,
				184351BA1F5CF54200BB86CA /* UserProfileManager.swift */,
			);
			path = UserManager;
			sourceTree = "<group>";
		};
		184351BB1F5CF54200BB86CA /* Modules */ = {
			isa = PBXGroup;
			children = (
				184351BC1F5CF54200BB86CA /* Common */,
				184351BF1F5CF54200BB86CA /* Home */,
				184351D01F5CF54200BB86CA /* Interact */,
				184351DD1F5CF54200BB86CA /* Loading */,
				184351E01F5CF54200BB86CA /* Login */,
				184351E91F5CF54200BB86CA /* Me */,
			);
			path = Modules;
			sourceTree = "<group>";
		};
		184351BC1F5CF54200BB86CA /* Common */ = {
			isa = PBXGroup;
			children = (
				184351BD1F5CF54200BB86CA /* UnRead.swift */,
				184351BE1F5CF54200BB86CA /* WXMessage.swift */,
			);
			path = Common;
			sourceTree = "<group>";
		};
		184351BF1F5CF54200BB86CA /* Home */ = {
			isa = PBXGroup;
			children = (
				18EF42731F5CFB8B008280F3 /* controller */,
				18EF42741F5CFB8B008280F3 /* model */,
				18EF42751F5CFB8B008280F3 /* view */,
			);
			path = Home;
			sourceTree = "<group>";
		};
		184351D01F5CF54200BB86CA /* Interact */ = {
			isa = PBXGroup;
			children = (
				EC84077D1F6A5D79009E6721 /* model */,
				EC84077E1F6A5D79009E6721 /* view */,
				18D788381F5D357900312DF4 /* controller */,
			);
			path = Interact;
			sourceTree = "<group>";
		};
		184351DD1F5CF54200BB86CA /* Loading */ = {
			isa = PBXGroup;
			children = (
				184351DE1F5CF54200BB86CA /* LoadingViewController.swift */,
				184351DF1F5CF54200BB86CA /* LoadingViewController.xib */,
			);
			path = Loading;
			sourceTree = "<group>";
		};
		184351E01F5CF54200BB86CA /* Login */ = {
			isa = PBXGroup;
			children = (
				184351E11F5CF54200BB86CA /* LoginViewController.xib */,
				184351E31F5CF54200BB86CA /* LoginViewController.strings */,
				184351E51F5CF54200BB86CA /* LoginViewController.swift */,
				184351E61F5CF54200BB86CA /* RegisterXViewController.swift */,
				184351E71F5CF54200BB86CA /* RegisterXViewController.xib */,
			);
			path = Login;
			sourceTree = "<group>";
		};
		184351E91F5CF54200BB86CA /* Me */ = {
			isa = PBXGroup;
			children = (
				EC895AEF1F5FD0B200D55EB8 /* view */,
				EC895AF01F5FD0B200D55EB8 /* model */,
				18D788331F5D33E700312DF4 /* controller */,
			);
			path = Me;
			sourceTree = "<group>";
		};
		184351FC1F5CF54200BB86CA /* Other */ = {
			isa = PBXGroup;
			children = (
				184351FD1F5CF54200BB86CA /* Assets.xcassets */,
				184351FE1F5CF54200BB86CA /* Localizable.strings */,
				184352011F5CF54200BB86CA /* Info.plist */,
				184352021F5CF54200BB86CA /* InternManager-Bridging-Header.h */,
				184352031F5CF54200BB86CA /* LaunchScreen.storyboard */,
			);
			path = Other;
			sourceTree = "<group>";
		};
		184352051F5CF54200BB86CA /* Root */ = {
			isa = PBXGroup;
			children = (
				184352061F5CF54200BB86CA /* RootNavigationController.swift */,
				184352071F5CF54200BB86CA /* RootTabBarController.swift */,
				184352081F5CF54200BB86CA /* RootViewController.swift */,
			);
			path = Root;
			sourceTree = "<group>";
		};
		184352091F5CF54200BB86CA /* Tools */ = {
			isa = PBXGroup;
			children = (
				1843520A1F5CF54200BB86CA /* Extension */,
				184352111F5CF54200BB86CA /* UI */,
			);
			path = Tools;
			sourceTree = "<group>";
		};
		1843520A1F5CF54200BB86CA /* Extension */ = {
			isa = PBXGroup;
			children = (
				1843520B1F5CF54200BB86CA /* Date+Ex.swift */,
				1843520C1F5CF54200BB86CA /* RootViewController+Ex.swift */,
				1843520D1F5CF54200BB86CA /* String+Ex.swift */,
				1843520E1F5CF54200BB86CA /* UIColor+Ex.swift */,
				1843520F1F5CF54200BB86CA /* UITextField+LeftView.swift */,
				184352101F5CF54200BB86CA /* UIView+Ex.swift */,
				EC895AEB1F5F7E4B00D55EB8 /* DispatchSource+Ex.swift */,
			);
			path = Extension;
			sourceTree = "<group>";
		};
		184352111F5CF54200BB86CA /* UI */ = {
			isa = PBXGroup;
			children = (
				184352121F5CF54200BB86CA /* CommentToolView.swift */,
				184352131F5CF54200BB86CA /* CommentToolView.xib */,
				184352141F5CF54200BB86CA /* RSKPlaceholderTextView.swift */,
				EC7CB9621F67DDA7009CE9BC /* FootFuncButton.swift */,
			);
			path = UI;
			sourceTree = "<group>";
		};
		184352151F5CF54200BB86CA /* Utils */ = {
			isa = PBXGroup;
			children = (
				184352161F5CF54200BB86CA /* RefreshFooter.swift */,
				184352171F5CF54200BB86CA /* RefreshHeader.swift */,
				184352181F5CF54200BB86CA /* WXActivityIndicatorView.swift */,
				184352191F5CF54200BB86CA /* WXAlertController.swift */,
				1843521A1F5CF54200BB86CA /* WXProgressView.swift */,
				ECACE2B31F629B4E00A6207C /* YSWebViewController.swift */,
			);
			path = Utils;
			sourceTree = "<group>";
		};
		18D788331F5D33E700312DF4 /* controller */ = {
			isa = PBXGroup;
			children = (
				18D788361F5D33FE00312DF4 /* YSMeViewController.swift */,
				ECACE29D1F62212D00A6207C /* YSEditMeViewController.swift */,
				ECACE29E1F62212D00A6207C /* YSEditMeViewController.xib */,
				ECACE2A91F623B4F00A6207C /* YSEditMeTextFieldViewController.swift */,
				ECACE2AA1F623B4F00A6207C /* YSEditMeTextFieldViewController.xib */,
				ECACE2AD1F628EE600A6207C /* YSEditPrivacySettingViewController.swift */,
			);
			path = controller;
			sourceTree = "<group>";
		};
		18D788381F5D357900312DF4 /* controller */ = {
			isa = PBXGroup;
			children = (
				18D7883B1F5D359D00312DF4 /* YSInterViewController.swift */,
				EC8407891F6A75BB009E6721 /* YSRoomListViewController.swift */,
			);
			path = controller;
			sourceTree = "<group>";
		};
		18EF42731F5CFB8B008280F3 /* controller */ = {
			isa = PBXGroup;
			children = (
				18EF42761F5CFBC4008280F3 /* YSHomeViewController.swift */,
				EC89FF6F1F60EF8F00C43686 /* YSMoreViewController.swift */,
				18884E3F1F62CB1500D285F7 /* YSAnnounceViewController.swift */,
				18884E411F62CEAD00D285F7 /* YSTransferViewController.swift */,
				18884E431F62CEDE00D285F7 /* YSPersonViewController.swift */,
				18884E451F62CF0400D285F7 /* YSVoteViewController.swift */,
				18884E471F62CF2500D285F7 /* YSForumViewController.swift */,
				18884E491F62CF5100D285F7 /* YSFitViewController.swift */,
				18884E4B1F62CF7300D285F7 /* YSPactViewController.swift */,
				18884E4D1F62CF9300D285F7 /* YSRimViewController.swift */,
				EC7CB9501F67756C009CE9BC /* YSAnnounceDetailViewController.swift */,
				EC7CB9581F67BB6D009CE9BC /* YSVoteDetailViewController.swift */,
			);
			path = controller;
			sourceTree = "<group>";
		};
		18EF42741F5CFB8B008280F3 /* model */ = {
			isa = PBXGroup;
			children = (
				EC895AFB1F5FFC3C00D55EB8 /* HomeInfo.swift */,
				EC89FF711F60F28A00C43686 /* YSMoreLayout.swift */,
				18884E4F1F62D04C00D285F7 /* Announce.swift */,
				EC1661271F6669AD00B0982A /* Person.swift */,
				EC1661311F667F7600B0982A /* YSVoteMemberLayout.swift */,
				EC1661331F668B8C00B0982A /* Vote.swift */,
				EC7CB9521F678633009CE9BC /* Comment.swift */,
			);
			path = model;
			sourceTree = "<group>";
		};
		18EF42751F5CFB8B008280F3 /* view */ = {
			isa = PBXGroup;
			children = (
				18EF42781F5CFC08008280F3 /* YSHomeTableViewCell.swift */,
				18EF42791F5CFC08008280F3 /* YSHomeTableViewCell.xib */,
				18EF427C1F5CFC33008280F3 /* YSHomeHeadView.swift */,
				18EF427E1F5CFC42008280F3 /* YSHomeHeadView.xib */,
				18D7883D1F5D36B600312DF4 /* YSHomeCollectionViewCell.swift */,
				18D7883E1F5D36B600312DF4 /* YSHomeCollectionViewCell.xib */,
				EC260CBB1F5EA0330046F576 /* YSHomeShowTableViewCell.swift */,
				EC260CBC1F5EA0330046F576 /* YSHomeShowTableViewCell.xib */,
				EC89FF771F613E7800C43686 /* YSMoreImageCollectionReusableView.swift */,
				EC89FF781F613E7800C43686 /* YSMoreImageCollectionReusableView.xib */,
				18884E3B1F62BC2100D285F7 /* YSHomeEightCollectionViewCell.swift */,
				18884E3C1F62BC2100D285F7 /* YSHomeEightCollectionViewCell.xib */,
				18E4F6041F66157E0042FE72 /* AnnounceTableViewCell.swift */,
				18E4F6051F66157E0042FE72 /* AnnounceTableViewCell.xib */,
				EC1661291F666D0400B0982A /* YSPersonCollectionViewCell.swift */,
				EC16612A1F666D0400B0982A /* YSPersonCollectionViewCell.xib */,
				EC16612D1F66766400B0982A /* YSVoteTableViewCell.swift */,
				EC16612E1F66766400B0982A /* YSVoteTableViewCell.xib */,
				EC7CB94C1F676D62009CE9BC /* YSUserHeadCollectionViewCell.swift */,
				EC7CB94D1F676D62009CE9BC /* YSUserHeadCollectionViewCell.xib */,
				EC7CB9541F6786A2009CE9BC /* YSCommentTableViewCell.swift */,
				EC7CB9551F6786A2009CE9BC /* YSCommentTableViewCell.xib */,
				EC7CB95A1F67BE1B009CE9BC /* YSVoteOptionTableViewCell.swift */,
				EC7CB95B1F67BE1B009CE9BC /* YSVoteOptionTableViewCell.xib */,
				EC7CB95E1F67C0DE009CE9BC /* YSVoteDetailHeader.swift */,
				EC7CB9601F67C0F4009CE9BC /* YSVoteDetailHeader.xib */,
			);
			path = view;
			sourceTree = "<group>";
		};
		CD2DF5DE67E396EC84B56915 /* Frameworks */ = {
			isa = PBXGroup;
			children = (
				54032F9999E05309CA785BA0 /* Pods_YuShu.framework */,
				C970ECE0193764933CEE935E /* Pods_YuShuTests.framework */,
				D930E970EC2C340921D7C8E2 /* Pods_YuShuUITests.framework */,
			);
			name = Frameworks;
			sourceTree = "<group>";
		};
		DB740D81AF9D8E7267E41991 /* Pods */ = {
			isa = PBXGroup;
			children = (
				F8CFB6C04910FD2D24498985 /* Pods-YuShu.debug.xcconfig */,
				7AB081D624AAA25F7D91F256 /* Pods-YuShu.release.xcconfig */,
				65E2C89A8A8AB2050818DE13 /* Pods-YuShuTests.debug.xcconfig */,
				4A09687E6598B0289BA1E3C0 /* Pods-YuShuTests.release.xcconfig */,
				CCDD7A373A2809C17DD51C7C /* Pods-YuShuUITests.debug.xcconfig */,
				2853244807EDE95540408550 /* Pods-YuShuUITests.release.xcconfig */,
			);
			name = Pods;
			sourceTree = "<group>";
		};
		EC84077D1F6A5D79009E6721 /* model */ = {
			isa = PBXGroup;
			children = (
				EC8407831F6A6220009E6721 /* Floor.swift */,
			);
			path = model;
			sourceTree = "<group>";
		};
		EC84077E1F6A5D79009E6721 /* view */ = {
			isa = PBXGroup;
			children = (
				EC84077F1F6A5D86009E6721 /* YSInterCollectionViewCell.swift */,
				EC8407801F6A5D86009E6721 /* YSInterCollectionViewCell.xib */,
				EC8407851F6A7003009E6721 /* YSRoomCollectionViewCell.swift */,
				EC8407861F6A7003009E6721 /* YSRoomCollectionViewCell.xib */,
				EC84078B1F6A7FFE009E6721 /* YSUserListView.swift */,
			);
			path = view;
			sourceTree = "<group>";
		};
		EC895AEF1F5FD0B200D55EB8 /* view */ = {
			isa = PBXGroup;
			children = (
				EC895AF11F5FD0DB00D55EB8 /* YSMeHeadView.swift */,
				EC895AF31F5FD0FD00D55EB8 /* YSMeHeadView.xib */,
				EC895AF51F5FD66000D55EB8 /* YSMeHeadCollectionViewCell.swift */,
				EC895AF61F5FD66000D55EB8 /* YSMeHeadCollectionViewCell.xib */,
				EC89FF7B1F614D1500C43686 /* YSMeTableViewCell.swift */,
				EC89FF7C1F614D1500C43686 /* YSMeTableViewCell.xib */,
				ECACE2A11F62237500A6207C /* YSEditMeTableViewCell.swift */,
				ECACE2A21F62237500A6207C /* YSEditMeTableViewCell.xib */,
				ECACE2A51F62256500A6207C /* YSEditMeImageTableViewCell.swift */,
				ECACE2A61F62256500A6207C /* YSEditMeImageTableViewCell.xib */,
				ECACE2AF1F628F5C00A6207C /* YSEditPrivacyTableViewCell.swift */,
				ECACE2B01F628F5C00A6207C /* YSEditPrivacyTableViewCell.xib */,
			);
			path = view;
			sourceTree = "<group>";
		};
		EC895AF01F5FD0B200D55EB8 /* model */ = {
			isa = PBXGroup;
			children = (
			);
			path = model;
			sourceTree = "<group>";
		};
/* End PBXGroup section */

/* Begin PBXNativeTarget section */
		184351711F5CF0A800BB86CA /* YuShu */ = {
			isa = PBXNativeTarget;
			buildConfigurationList = 1843519A1F5CF0A900BB86CA /* Build configuration list for PBXNativeTarget "YuShu" */;
			buildPhases = (
				6422CBFC6B22491741798547 /* [CP] Check Pods Manifest.lock */,
				1843516E1F5CF0A800BB86CA /* Sources */,
				1843516F1F5CF0A800BB86CA /* Frameworks */,
				184351701F5CF0A800BB86CA /* Resources */,
				90ECA1A612FFEF694CC3C7C4 /* [CP] Embed Pods Frameworks */,
				0498C4429C3058E496C6E03C /* [CP] Copy Pods Resources */,
			);
			buildRules = (
			);
			dependencies = (
			);
			name = YuShu;
			productName = YuShu;
			productReference = 184351721F5CF0A800BB86CA /* YuShu.app */;
			productType = "com.apple.product-type.application";
		};
		184351851F5CF0A900BB86CA /* YuShuTests */ = {
			isa = PBXNativeTarget;
			buildConfigurationList = 1843519D1F5CF0A900BB86CA /* Build configuration list for PBXNativeTarget "YuShuTests" */;
			buildPhases = (
				53EC477BF28DE86C49D79A4A /* [CP] Check Pods Manifest.lock */,
				184351821F5CF0A900BB86CA /* Sources */,
				184351831F5CF0A900BB86CA /* Frameworks */,
				184351841F5CF0A900BB86CA /* Resources */,
				9F2A91A4E5E0295A84DED2C7 /* [CP] Embed Pods Frameworks */,
				049DF19D21D1D24E747825D3 /* [CP] Copy Pods Resources */,
			);
			buildRules = (
			);
			dependencies = (
				184351881F5CF0A900BB86CA /* PBXTargetDependency */,
			);
			name = YuShuTests;
			productName = YuShuTests;
			productReference = 184351861F5CF0A900BB86CA /* YuShuTests.xctest */;
			productType = "com.apple.product-type.bundle.unit-test";
		};
		184351901F5CF0A900BB86CA /* YuShuUITests */ = {
			isa = PBXNativeTarget;
			buildConfigurationList = 184351A01F5CF0A900BB86CA /* Build configuration list for PBXNativeTarget "YuShuUITests" */;
			buildPhases = (
				BD490E85F67E2ED755B0C116 /* [CP] Check Pods Manifest.lock */,
				1843518D1F5CF0A900BB86CA /* Sources */,
				1843518E1F5CF0A900BB86CA /* Frameworks */,
				1843518F1F5CF0A900BB86CA /* Resources */,
				DBC77C83556F1EAC323D22C3 /* [CP] Embed Pods Frameworks */,
				CFB5EBCB0682082886EC0A24 /* [CP] Copy Pods Resources */,
			);
			buildRules = (
			);
			dependencies = (
				184351931F5CF0A900BB86CA /* PBXTargetDependency */,
			);
			name = YuShuUITests;
			productName = YuShuUITests;
			productReference = 184351911F5CF0A900BB86CA /* YuShuUITests.xctest */;
			productType = "com.apple.product-type.bundle.ui-testing";
		};
/* End PBXNativeTarget section */

/* Begin PBXProject section */
		1843516A1F5CF0A800BB86CA /* Project object */ = {
			isa = PBXProject;
			attributes = {
				LastSwiftUpdateCheck = 0830;
				LastUpgradeCheck = 0830;
				ORGANIZATIONNAME = coderX;
				TargetAttributes = {
					184351711F5CF0A800BB86CA = {
						CreatedOnToolsVersion = 8.3.3;
						DevelopmentTeam = 6QXH57WWCN;
						ProvisioningStyle = Automatic;
					};
					184351851F5CF0A900BB86CA = {
						CreatedOnToolsVersion = 8.3.3;
						DevelopmentTeam = 6QXH57WWCN;
						ProvisioningStyle = Automatic;
						TestTargetID = 184351711F5CF0A800BB86CA;
					};
					184351901F5CF0A900BB86CA = {
						CreatedOnToolsVersion = 8.3.3;
						DevelopmentTeam = 6QXH57WWCN;
						ProvisioningStyle = Automatic;
						TestTargetID = 184351711F5CF0A800BB86CA;
					};
				};
			};
			buildConfigurationList = 1843516D1F5CF0A800BB86CA /* Build configuration list for PBXProject "YuShu" */;
			compatibilityVersion = "Xcode 3.2";
			developmentRegion = English;
			hasScannedForEncodings = 0;
			knownRegions = (
				en,
				Base,
				"zh-Hans",
			);
			mainGroup = 184351691F5CF0A800BB86CA;
			productRefGroup = 184351731F5CF0A800BB86CA /* Products */;
			projectDirPath = "";
			projectRoot = "";
			targets = (
				184351711F5CF0A800BB86CA /* YuShu */,
				184351851F5CF0A900BB86CA /* YuShuTests */,
				184351901F5CF0A900BB86CA /* YuShuUITests */,
			);
		};
/* End PBXProject section */

/* Begin PBXResourcesBuildPhase section */
		184351701F5CF0A800BB86CA /* Resources */ = {
			isa = PBXResourcesBuildPhase;
			buildActionMask = 2147483647;
			files = (
				18EF427B1F5CFC08008280F3 /* YSHomeTableViewCell.xib in Resources */,
				18EF427F1F5CFC42008280F3 /* YSHomeHeadView.xib in Resources */,
				18884E3E1F62BC2100D285F7 /* YSHomeEightCollectionViewCell.xib in Resources */,
				EC89FF7A1F613E7800C43686 /* YSMoreImageCollectionReusableView.xib in Resources */,
				18E4F6071F66157E0042FE72 /* AnnounceTableViewCell.xib in Resources */,
				EC7CB9571F6786A2009CE9BC /* YSCommentTableViewCell.xib in Resources */,
				EC1661301F66766400B0982A /* YSVoteTableViewCell.xib in Resources */,
				EC7CB94F1F676D62009CE9BC /* YSUserHeadCollectionViewCell.xib in Resources */,
				EC260CBE1F5EA0330046F576 /* YSHomeShowTableViewCell.xib in Resources */,
				ECACE2A01F62212D00A6207C /* YSEditMeViewController.xib in Resources */,
				ECACE2A41F62237500A6207C /* YSEditMeTableViewCell.xib in Resources */,
				ECACE2AC1F623B4F00A6207C /* YSEditMeTextFieldViewController.xib in Resources */,
				1843524A1F5CF54200BB86CA /* LoginViewController.xib in Resources */,
				ECACE2B21F628F5C00A6207C /* YSEditPrivacyTableViewCell.xib in Resources */,
				EC89FF7E1F614D1500C43686 /* YSMeTableViewCell.xib in Resources */,
				EC16612C1F666D0400B0982A /* YSPersonCollectionViewCell.xib in Resources */,
				184352491F5CF54200BB86CA /* LoadingViewController.xib in Resources */,
				ECACE2A81F62256500A6207C /* YSEditMeImageTableViewCell.xib in Resources */,
				1843524E1F5CF54200BB86CA /* RegisterXViewController.xib in Resources */,
				184352631F5CF54200BB86CA /* Info.plist in Resources */,
				1843524B1F5CF54200BB86CA /* LoginViewController.strings in Resources */,
				EC895AF41F5FD0FD00D55EB8 /* YSMeHeadView.xib in Resources */,
				1843526F1F5CF54200BB86CA /* CommentToolView.xib in Resources */,
				184352621F5CF54200BB86CA /* Localizable.strings in Resources */,
				18D788401F5D36B600312DF4 /* YSHomeCollectionViewCell.xib in Resources */,
				EC895AF81F5FD66000D55EB8 /* YSMeHeadCollectionViewCell.xib in Resources */,
				184352641F5CF54200BB86CA /* LaunchScreen.storyboard in Resources */,
				EC7CB9611F67C0F4009CE9BC /* YSVoteDetailHeader.xib in Resources */,
				EC7CB95D1F67BE1B009CE9BC /* YSVoteOptionTableViewCell.xib in Resources */,
				EC8407881F6A7003009E6721 /* YSRoomCollectionViewCell.xib in Resources */,
				184352611F5CF54200BB86CA /* Assets.xcassets in Resources */,
				EC8407821F6A5D86009E6721 /* YSInterCollectionViewCell.xib in Resources */,
			);
			runOnlyForDeploymentPostprocessing = 0;
		};
		184351841F5CF0A900BB86CA /* Resources */ = {
			isa = PBXResourcesBuildPhase;
			buildActionMask = 2147483647;
			files = (
			);
			runOnlyForDeploymentPostprocessing = 0;
		};
		1843518F1F5CF0A900BB86CA /* Resources */ = {
			isa = PBXResourcesBuildPhase;
			buildActionMask = 2147483647;
			files = (
			);
			runOnlyForDeploymentPostprocessing = 0;
		};
/* End PBXResourcesBuildPhase section */

/* Begin PBXShellScriptBuildPhase section */
		0498C4429C3058E496C6E03C /* [CP] Copy Pods Resources */ = {
			isa = PBXShellScriptBuildPhase;
			buildActionMask = 2147483647;
			files = (
			);
			inputPaths = (
			);
			name = "[CP] Copy Pods Resources";
			outputPaths = (
			);
			runOnlyForDeploymentPostprocessing = 0;
			shellPath = /bin/sh;
			shellScript = "\"${SRCROOT}/Pods/Target Support Files/Pods-YuShu/Pods-YuShu-resources.sh\"\n";
			showEnvVarsInLog = 0;
		};
		049DF19D21D1D24E747825D3 /* [CP] Copy Pods Resources */ = {
			isa = PBXShellScriptBuildPhase;
			buildActionMask = 2147483647;
			files = (
			);
			inputPaths = (
			);
			name = "[CP] Copy Pods Resources";
			outputPaths = (
			);
			runOnlyForDeploymentPostprocessing = 0;
			shellPath = /bin/sh;
			shellScript = "\"${SRCROOT}/Pods/Target Support Files/Pods-YuShuTests/Pods-YuShuTests-resources.sh\"\n";
			showEnvVarsInLog = 0;
		};
		53EC477BF28DE86C49D79A4A /* [CP] Check Pods Manifest.lock */ = {
			isa = PBXShellScriptBuildPhase;
			buildActionMask = 2147483647;
			files = (
			);
			inputPaths = (
				"${PODS_PODFILE_DIR_PATH}/Podfile.lock",
				"${PODS_ROOT}/Manifest.lock",
			);
			name = "[CP] Check Pods Manifest.lock";
			outputPaths = (
				"$(DERIVED_FILE_DIR)/Pods-YuShuTests-checkManifestLockResult.txt",
			);
			runOnlyForDeploymentPostprocessing = 0;
			shellPath = /bin/sh;
			shellScript = "diff \"${PODS_PODFILE_DIR_PATH}/Podfile.lock\" \"${PODS_ROOT}/Manifest.lock\" > /dev/null\nif [ $? != 0 ] ; then\n    # print error to STDERR\n    echo \"error: The sandbox is not in sync with the Podfile.lock. Run 'pod install' or update your CocoaPods installation.\" >&2\n    exit 1\nfi\n# This output is used by Xcode 'outputs' to avoid re-running this script phase.\necho \"SUCCESS\" > \"${SCRIPT_OUTPUT_FILE_0}\"\n";
			showEnvVarsInLog = 0;
		};
		6422CBFC6B22491741798547 /* [CP] Check Pods Manifest.lock */ = {
			isa = PBXShellScriptBuildPhase;
			buildActionMask = 2147483647;
			files = (
			);
			inputPaths = (
				"${PODS_PODFILE_DIR_PATH}/Podfile.lock",
				"${PODS_ROOT}/Manifest.lock",
			);
			name = "[CP] Check Pods Manifest.lock";
			outputPaths = (
				"$(DERIVED_FILE_DIR)/Pods-YuShu-checkManifestLockResult.txt",
			);
			runOnlyForDeploymentPostprocessing = 0;
			shellPath = /bin/sh;
			shellScript = "diff \"${PODS_PODFILE_DIR_PATH}/Podfile.lock\" \"${PODS_ROOT}/Manifest.lock\" > /dev/null\nif [ $? != 0 ] ; then\n    # print error to STDERR\n    echo \"error: The sandbox is not in sync with the Podfile.lock. Run 'pod install' or update your CocoaPods installation.\" >&2\n    exit 1\nfi\n# This output is used by Xcode 'outputs' to avoid re-running this script phase.\necho \"SUCCESS\" > \"${SCRIPT_OUTPUT_FILE_0}\"\n";
			showEnvVarsInLog = 0;
		};
		90ECA1A612FFEF694CC3C7C4 /* [CP] Embed Pods Frameworks */ = {
			isa = PBXShellScriptBuildPhase;
			buildActionMask = 2147483647;
			files = (
			);
			inputPaths = (
				"${SRCROOT}/Pods/Target Support Files/Pods-YuShu/Pods-YuShu-frameworks.sh",
				"${BUILT_PRODUCTS_DIR}/ActionSheetPicker-3.0/ActionSheetPicker_3_0.framework",
				"${BUILT_PRODUCTS_DIR}/Alamofire/Alamofire.framework",
				"${BUILT_PRODUCTS_DIR}/ChameleonFramework/ChameleonFramework.framework",
				"${BUILT_PRODUCTS_DIR}/CryptoSwift/CryptoSwift.framework",
				"${BUILT_PRODUCTS_DIR}/DateToolsSwift/DateToolsSwift.framework",
				"${BUILT_PRODUCTS_DIR}/EasyTipView/EasyTipView.framework",
				"${BUILT_PRODUCTS_DIR}/HanekeSwift/Haneke.framework",
				"${BUILT_PRODUCTS_DIR}/Hero/Hero.framework",
				"${BUILT_PRODUCTS_DIR}/Hue/Hue.framework",
				"${BUILT_PRODUCTS_DIR}/IQKeyboardManagerSwift/IQKeyboardManagerSwift.framework",
				"${BUILT_PRODUCTS_DIR}/ImagePicker/ImagePicker.framework",
				"${BUILT_PRODUCTS_DIR}/Kingfisher/Kingfisher.framework",
				"${BUILT_PRODUCTS_DIR}/LLCycleScrollView/LLCycleScrollView.framework",
				"${BUILT_PRODUCTS_DIR}/Lightbox/Lightbox.framework",
				"${BUILT_PRODUCTS_DIR}/MJRefresh/MJRefresh.framework",
				"${BUILT_PRODUCTS_DIR}/Moya/Moya.framework",
				"${BUILT_PRODUCTS_DIR}/NVActivityIndicatorView/NVActivityIndicatorView.framework",
				"${BUILT_PRODUCTS_DIR}/ObjectMapper/ObjectMapper.framework",
				"${BUILT_PRODUCTS_DIR}/PromiseKit/PromiseKit.framework",
				"${BUILT_PRODUCTS_DIR}/Result/Result.framework",
				"${BUILT_PRODUCTS_DIR}/RxCocoa/RxCocoa.framework",
				"${BUILT_PRODUCTS_DIR}/RxSwift/RxSwift.framework",
				"${BUILT_PRODUCTS_DIR}/SVProgressHUD/SVProgressHUD.framework",
				"${BUILT_PRODUCTS_DIR}/SnapKit/SnapKit.framework",
				"${BUILT_PRODUCTS_DIR}/Then/Then.framework",
				"${BUILT_PRODUCTS_DIR}/pop/pop.framework",
			);
			name = "[CP] Embed Pods Frameworks";
			outputPaths = (
				"${TARGET_BUILD_DIR}/${FRAMEWORKS_FOLDER_PATH}/ActionSheetPicker_3_0.framework",
				"${TARGET_BUILD_DIR}/${FRAMEWORKS_FOLDER_PATH}/Alamofire.framework",
				"${TARGET_BUILD_DIR}/${FRAMEWORKS_FOLDER_PATH}/ChameleonFramework.framework",
				"${TARGET_BUILD_DIR}/${FRAMEWORKS_FOLDER_PATH}/CryptoSwift.framework",
				"${TARGET_BUILD_DIR}/${FRAMEWORKS_FOLDER_PATH}/DateToolsSwift.framework",
				"${TARGET_BUILD_DIR}/${FRAMEWORKS_FOLDER_PATH}/EasyTipView.framework",
				"${TARGET_BUILD_DIR}/${FRAMEWORKS_FOLDER_PATH}/Haneke.framework",
				"${TARGET_BUILD_DIR}/${FRAMEWORKS_FOLDER_PATH}/Hero.framework",
				"${TARGET_BUILD_DIR}/${FRAMEWORKS_FOLDER_PATH}/Hue.framework",
				"${TARGET_BUILD_DIR}/${FRAMEWORKS_FOLDER_PATH}/IQKeyboardManagerSwift.framework",
				"${TARGET_BUILD_DIR}/${FRAMEWORKS_FOLDER_PATH}/ImagePicker.framework",
				"${TARGET_BUILD_DIR}/${FRAMEWORKS_FOLDER_PATH}/Kingfisher.framework",
				"${TARGET_BUILD_DIR}/${FRAMEWORKS_FOLDER_PATH}/LLCycleScrollView.framework",
				"${TARGET_BUILD_DIR}/${FRAMEWORKS_FOLDER_PATH}/Lightbox.framework",
				"${TARGET_BUILD_DIR}/${FRAMEWORKS_FOLDER_PATH}/MJRefresh.framework",
				"${TARGET_BUILD_DIR}/${FRAMEWORKS_FOLDER_PATH}/Moya.framework",
				"${TARGET_BUILD_DIR}/${FRAMEWORKS_FOLDER_PATH}/NVActivityIndicatorView.framework",
				"${TARGET_BUILD_DIR}/${FRAMEWORKS_FOLDER_PATH}/ObjectMapper.framework",
				"${TARGET_BUILD_DIR}/${FRAMEWORKS_FOLDER_PATH}/PromiseKit.framework",
				"${TARGET_BUILD_DIR}/${FRAMEWORKS_FOLDER_PATH}/Result.framework",
				"${TARGET_BUILD_DIR}/${FRAMEWORKS_FOLDER_PATH}/RxCocoa.framework",
				"${TARGET_BUILD_DIR}/${FRAMEWORKS_FOLDER_PATH}/RxSwift.framework",
				"${TARGET_BUILD_DIR}/${FRAMEWORKS_FOLDER_PATH}/SVProgressHUD.framework",
				"${TARGET_BUILD_DIR}/${FRAMEWORKS_FOLDER_PATH}/SnapKit.framework",
				"${TARGET_BUILD_DIR}/${FRAMEWORKS_FOLDER_PATH}/Then.framework",
				"${TARGET_BUILD_DIR}/${FRAMEWORKS_FOLDER_PATH}/pop.framework",
			);
			runOnlyForDeploymentPostprocessing = 0;
			shellPath = /bin/sh;
			shellScript = "\"${SRCROOT}/Pods/Target Support Files/Pods-YuShu/Pods-YuShu-frameworks.sh\"\n";
			showEnvVarsInLog = 0;
		};
		9F2A91A4E5E0295A84DED2C7 /* [CP] Embed Pods Frameworks */ = {
			isa = PBXShellScriptBuildPhase;
			buildActionMask = 2147483647;
			files = (
			);
			inputPaths = (
			);
			name = "[CP] Embed Pods Frameworks";
			outputPaths = (
			);
			runOnlyForDeploymentPostprocessing = 0;
			shellPath = /bin/sh;
			shellScript = "\"${SRCROOT}/Pods/Target Support Files/Pods-YuShuTests/Pods-YuShuTests-frameworks.sh\"\n";
			showEnvVarsInLog = 0;
		};
		BD490E85F67E2ED755B0C116 /* [CP] Check Pods Manifest.lock */ = {
			isa = PBXShellScriptBuildPhase;
			buildActionMask = 2147483647;
			files = (
			);
			inputPaths = (
				"${PODS_PODFILE_DIR_PATH}/Podfile.lock",
				"${PODS_ROOT}/Manifest.lock",
			);
			name = "[CP] Check Pods Manifest.lock";
			outputPaths = (
				"$(DERIVED_FILE_DIR)/Pods-YuShuUITests-checkManifestLockResult.txt",
			);
			runOnlyForDeploymentPostprocessing = 0;
			shellPath = /bin/sh;
			shellScript = "diff \"${PODS_PODFILE_DIR_PATH}/Podfile.lock\" \"${PODS_ROOT}/Manifest.lock\" > /dev/null\nif [ $? != 0 ] ; then\n    # print error to STDERR\n    echo \"error: The sandbox is not in sync with the Podfile.lock. Run 'pod install' or update your CocoaPods installation.\" >&2\n    exit 1\nfi\n# This output is used by Xcode 'outputs' to avoid re-running this script phase.\necho \"SUCCESS\" > \"${SCRIPT_OUTPUT_FILE_0}\"\n";
			showEnvVarsInLog = 0;
		};
		CFB5EBCB0682082886EC0A24 /* [CP] Copy Pods Resources */ = {
			isa = PBXShellScriptBuildPhase;
			buildActionMask = 2147483647;
			files = (
			);
			inputPaths = (
			);
			name = "[CP] Copy Pods Resources";
			outputPaths = (
			);
			runOnlyForDeploymentPostprocessing = 0;
			shellPath = /bin/sh;
			shellScript = "\"${SRCROOT}/Pods/Target Support Files/Pods-YuShuUITests/Pods-YuShuUITests-resources.sh\"\n";
			showEnvVarsInLog = 0;
		};
		DBC77C83556F1EAC323D22C3 /* [CP] Embed Pods Frameworks */ = {
			isa = PBXShellScriptBuildPhase;
			buildActionMask = 2147483647;
			files = (
			);
			inputPaths = (
			);
			name = "[CP] Embed Pods Frameworks";
			outputPaths = (
			);
			runOnlyForDeploymentPostprocessing = 0;
			shellPath = /bin/sh;
			shellScript = "\"${SRCROOT}/Pods/Target Support Files/Pods-YuShuUITests/Pods-YuShuUITests-frameworks.sh\"\n";
			showEnvVarsInLog = 0;
		};
/* End PBXShellScriptBuildPhase section */

/* Begin PBXSourcesBuildPhase section */
		1843516E1F5CF0A800BB86CA /* Sources */ = {
			isa = PBXSourcesBuildPhase;
			buildActionMask = 2147483647;
			files = (
				1843522C1F5CF54200BB86CA /* WXMessage.swift in Sources */,
				184352691F5CF54200BB86CA /* RootViewController+Ex.swift in Sources */,
				ECACE2A31F62237500A6207C /* YSEditMeTableViewCell.swift in Sources */,
				184352261F5CF54200BB86CA /* Observable+ObjectMapper.swift in Sources */,
				1843522B1F5CF54200BB86CA /* UnRead.swift in Sources */,
				EC1661321F667F7600B0982A /* YSVoteMemberLayout.swift in Sources */,
				18E4F6061F66157E0042FE72 /* AnnounceTableViewCell.swift in Sources */,
				EC1661281F6669AD00B0982A /* Person.swift in Sources */,
				184352701F5CF54200BB86CA /* RSKPlaceholderTextView.swift in Sources */,
				1843526C1F5CF54200BB86CA /* UITextField+LeftView.swift in Sources */,
				1843521C1F5CF54200BB86CA /* AppDelegate.swift in Sources */,
				ECACE2B11F628F5C00A6207C /* YSEditPrivacyTableViewCell.swift in Sources */,
				1843526B1F5CF54200BB86CA /* UIColor+Ex.swift in Sources */,
				EC84078A1F6A75BB009E6721 /* YSRoomListViewController.swift in Sources */,
				184352481F5CF54200BB86CA /* LoadingViewController.swift in Sources */,
				ECACE2A71F62256500A6207C /* YSEditMeImageTableViewCell.swift in Sources */,
				184352681F5CF54200BB86CA /* Date+Ex.swift in Sources */,
				18884E4A1F62CF5100D285F7 /* YSFitViewController.swift in Sources */,
				184352241F5CF54200BB86CA /* UserApi.swift in Sources */,
				184352291F5CF54200BB86CA /* UserManager.swift in Sources */,
				18884E4C1F62CF7300D285F7 /* YSPactViewController.swift in Sources */,
				EC16612B1F666D0400B0982A /* YSPersonCollectionViewCell.swift in Sources */,
				184352661F5CF54200BB86CA /* RootTabBarController.swift in Sources */,
				EC84078C1F6A7FFE009E6721 /* YSUserListView.swift in Sources */,
				EC89FF761F61242C00C43686 /* InlineFunc.swift in Sources */,
				1843521F1F5CF54200BB86CA /* UrlsConstant.swift in Sources */,
				184352231F5CF54200BB86CA /* HomeApi.swift in Sources */,
				EC8407871F6A7003009E6721 /* YSRoomCollectionViewCell.swift in Sources */,
				184352731F5CF54200BB86CA /* WXActivityIndicatorView.swift in Sources */,
				1843526E1F5CF54200BB86CA /* CommentToolView.swift in Sources */,
				18D7883C1F5D359D00312DF4 /* YSInterViewController.swift in Sources */,
				18EF427A1F5CFC08008280F3 /* YSHomeTableViewCell.swift in Sources */,
				EC7CB94E1F676D62009CE9BC /* YSUserHeadCollectionViewCell.swift in Sources */,
				EC8407811F6A5D86009E6721 /* YSInterCollectionViewCell.swift in Sources */,
				184352251F5CF54200BB86CA /* NetworkManager.swift in Sources */,
				EC16612F1F66766400B0982A /* YSVoteTableViewCell.swift in Sources */,
				184352711F5CF54200BB86CA /* RefreshFooter.swift in Sources */,
				18884E441F62CEDE00D285F7 /* YSPersonViewController.swift in Sources */,
				EC89FF7D1F614D1500C43686 /* YSMeTableViewCell.swift in Sources */,
				1843521B1F5CF54200BB86CA /* AppDelegate+AppService.swift in Sources */,
				EC1661341F668B8C00B0982A /* Vote.swift in Sources */,
				18884E4E1F62CF9300D285F7 /* YSRimViewController.swift in Sources */,
				18884E481F62CF2500D285F7 /* YSForumViewController.swift in Sources */,
				184352651F5CF54200BB86CA /* RootNavigationController.swift in Sources */,
				184352201F5CF54200BB86CA /* UtilsConstant.swift in Sources */,
				18884E461F62CF0400D285F7 /* YSVoteViewController.swift in Sources */,
				ECACE2AE1F628EE600A6207C /* YSEditPrivacySettingViewController.swift in Sources */,
				ECACE29F1F62212D00A6207C /* YSEditMeViewController.swift in Sources */,
				184352751F5CF54200BB86CA /* WXProgressView.swift in Sources */,
				1843524C1F5CF54200BB86CA /* LoginViewController.swift in Sources */,
				1843521D1F5CF54200BB86CA /* CommonConstant.swift in Sources */,
				EC89FF701F60EF8F00C43686 /* YSMoreViewController.swift in Sources */,
				EC895AEC1F5F7E4B00D55EB8 /* DispatchSource+Ex.swift in Sources */,
				EC89FF791F613E7800C43686 /* YSMoreImageCollectionReusableView.swift in Sources */,
				184352671F5CF54200BB86CA /* RootViewController.swift in Sources */,
				EC7CB9631F67DDA7009CE9BC /* FootFuncButton.swift in Sources */,
				184352211F5CF54200BB86CA /* BaseApiModel.swift in Sources */,
				EC7CB9591F67BB6D009CE9BC /* YSVoteDetailViewController.swift in Sources */,
				EC895AFC1F5FFC3C00D55EB8 /* HomeInfo.swift in Sources */,
				1843526D1F5CF54200BB86CA /* UIView+Ex.swift in Sources */,
				184352221F5CF54200BB86CA /* CircleApi.swift in Sources */,
				18884E501F62D04C00D285F7 /* Announce.swift in Sources */,
				EC7CB9511F67756C009CE9BC /* YSAnnounceDetailViewController.swift in Sources */,
				EC7CB9531F678633009CE9BC /* Comment.swift in Sources */,
				1843521E1F5CF54200BB86CA /* NotificationNameConstant.swift in Sources */,
				EC7CB95C1F67BE1B009CE9BC /* YSVoteOptionTableViewCell.swift in Sources */,
				184352721F5CF54200BB86CA /* RefreshHeader.swift in Sources */,
				184352281F5CF54200BB86CA /* UserInfo.swift in Sources */,
				ECACE2B41F629B4E00A6207C /* YSWebViewController.swift in Sources */,
				1843522A1F5CF54200BB86CA /* UserProfileManager.swift in Sources */,
				18EF42771F5CFBC4008280F3 /* YSHomeViewController.swift in Sources */,
				18D788371F5D33FE00312DF4 /* YSMeViewController.swift in Sources */,
				18EF427D1F5CFC33008280F3 /* YSHomeHeadView.swift in Sources */,
				184352741F5CF54200BB86CA /* WXAlertController.swift in Sources */,
				1843526A1F5CF54200BB86CA /* String+Ex.swift in Sources */,
				ECACE2AB1F623B4F00A6207C /* YSEditMeTextFieldViewController.swift in Sources */,
				18884E3D1F62BC2100D285F7 /* YSHomeEightCollectionViewCell.swift in Sources */,
				18D7883F1F5D36B600312DF4 /* YSHomeCollectionViewCell.swift in Sources */,
				EC260CBD1F5EA0330046F576 /* YSHomeShowTableViewCell.swift in Sources */,
				EC8407841F6A6220009E6721 /* Floor.swift in Sources */,
				1843524D1F5CF54200BB86CA /* RegisterXViewController.swift in Sources */,
				EC7CB9561F6786A2009CE9BC /* YSCommentTableViewCell.swift in Sources */,
				18884E401F62CB1500D285F7 /* YSAnnounceViewController.swift in Sources */,
				EC89FF721F60F28A00C43686 /* YSMoreLayout.swift in Sources */,
				EC895AF21F5FD0DB00D55EB8 /* YSMeHeadView.swift in Sources */,
				18884E421F62CEAD00D285F7 /* YSTransferViewController.swift in Sources */,
				EC7CB95F1F67C0DE009CE9BC /* YSVoteDetailHeader.swift in Sources */,
				EC895AF71F5FD66000D55EB8 /* YSMeHeadCollectionViewCell.swift in Sources */,
				184352271F5CF54200BB86CA /* Response+ObjectMapper.swift in Sources */,
			);
			runOnlyForDeploymentPostprocessing = 0;
		};
		184351821F5CF0A900BB86CA /* Sources */ = {
			isa = PBXSourcesBuildPhase;
			buildActionMask = 2147483647;
			files = (
				1843518B1F5CF0A900BB86CA /* YuShuTests.swift in Sources */,
			);
			runOnlyForDeploymentPostprocessing = 0;
		};
		1843518D1F5CF0A900BB86CA /* Sources */ = {
			isa = PBXSourcesBuildPhase;
			buildActionMask = 2147483647;
			files = (
				184351961F5CF0A900BB86CA /* YuShuUITests.swift in Sources */,
			);
			runOnlyForDeploymentPostprocessing = 0;
		};
/* End PBXSourcesBuildPhase section */

/* Begin PBXTargetDependency section */
		184351881F5CF0A900BB86CA /* PBXTargetDependency */ = {
			isa = PBXTargetDependency;
			target = 184351711F5CF0A800BB86CA /* YuShu */;
			targetProxy = 184351871F5CF0A900BB86CA /* PBXContainerItemProxy */;
		};
		184351931F5CF0A900BB86CA /* PBXTargetDependency */ = {
			isa = PBXTargetDependency;
			target = 184351711F5CF0A800BB86CA /* YuShu */;
			targetProxy = 184351921F5CF0A900BB86CA /* PBXContainerItemProxy */;
		};
/* End PBXTargetDependency section */

/* Begin PBXVariantGroup section */
		184351E11F5CF54200BB86CA /* LoginViewController.xib */ = {
			isa = PBXVariantGroup;
			children = (
				184351E21F5CF54200BB86CA /* Base */,
			);
			name = LoginViewController.xib;
			sourceTree = "<group>";
		};
		184351E31F5CF54200BB86CA /* LoginViewController.strings */ = {
			isa = PBXVariantGroup;
			children = (
				184351E41F5CF54200BB86CA /* en */,
				184351E81F5CF54200BB86CA /* zh-Hans */,
			);
			name = LoginViewController.strings;
			sourceTree = "<group>";
		};
		184351FE1F5CF54200BB86CA /* Localizable.strings */ = {
			isa = PBXVariantGroup;
			children = (
				184351FF1F5CF54200BB86CA /* Base */,
				184352001F5CF54200BB86CA /* en */,
				184352041F5CF54200BB86CA /* zh-Hans */,
			);
			name = Localizable.strings;
			sourceTree = "<group>";
		};
/* End PBXVariantGroup section */

/* Begin XCBuildConfiguration section */
		184351981F5CF0A900BB86CA /* Debug */ = {
			isa = XCBuildConfiguration;
			buildSettings = {
				ALWAYS_SEARCH_USER_PATHS = NO;
				CLANG_ANALYZER_NONNULL = YES;
				CLANG_ANALYZER_NUMBER_OBJECT_CONVERSION = YES_AGGRESSIVE;
				CLANG_CXX_LANGUAGE_STANDARD = "gnu++0x";
				CLANG_CXX_LIBRARY = "libc++";
				CLANG_ENABLE_MODULES = YES;
				CLANG_ENABLE_OBJC_ARC = YES;
				CLANG_WARN_BOOL_CONVERSION = YES;
				CLANG_WARN_CONSTANT_CONVERSION = YES;
				CLANG_WARN_DIRECT_OBJC_ISA_USAGE = YES_ERROR;
				CLANG_WARN_DOCUMENTATION_COMMENTS = YES;
				CLANG_WARN_EMPTY_BODY = YES;
				CLANG_WARN_ENUM_CONVERSION = YES;
				CLANG_WARN_INFINITE_RECURSION = YES;
				CLANG_WARN_INT_CONVERSION = YES;
				CLANG_WARN_OBJC_ROOT_CLASS = YES_ERROR;
				CLANG_WARN_SUSPICIOUS_MOVE = YES;
				CLANG_WARN_UNREACHABLE_CODE = YES;
				CLANG_WARN__DUPLICATE_METHOD_MATCH = YES;
				"CODE_SIGN_IDENTITY[sdk=iphoneos*]" = "iPhone Developer";
				COPY_PHASE_STRIP = NO;
				DEBUG_INFORMATION_FORMAT = dwarf;
				ENABLE_STRICT_OBJC_MSGSEND = YES;
				ENABLE_TESTABILITY = YES;
				GCC_C_LANGUAGE_STANDARD = gnu99;
				GCC_DYNAMIC_NO_PIC = NO;
				GCC_NO_COMMON_BLOCKS = YES;
				GCC_OPTIMIZATION_LEVEL = 0;
				GCC_PREPROCESSOR_DEFINITIONS = (
					"DEBUG=1",
					"$(inherited)",
				);
				GCC_WARN_64_TO_32_BIT_CONVERSION = YES;
				GCC_WARN_ABOUT_RETURN_TYPE = YES_ERROR;
				GCC_WARN_UNDECLARED_SELECTOR = YES;
				GCC_WARN_UNINITIALIZED_AUTOS = YES_AGGRESSIVE;
				GCC_WARN_UNUSED_FUNCTION = YES;
				GCC_WARN_UNUSED_VARIABLE = YES;
				IPHONEOS_DEPLOYMENT_TARGET = 10.3;
				MTL_ENABLE_DEBUG_INFO = YES;
				ONLY_ACTIVE_ARCH = YES;
				SDKROOT = iphoneos;
				SWIFT_ACTIVE_COMPILATION_CONDITIONS = DEBUG;
				SWIFT_OPTIMIZATION_LEVEL = "-Onone";
			};
			name = Debug;
		};
		184351991F5CF0A900BB86CA /* Release */ = {
			isa = XCBuildConfiguration;
			buildSettings = {
				ALWAYS_SEARCH_USER_PATHS = NO;
				CLANG_ANALYZER_NONNULL = YES;
				CLANG_ANALYZER_NUMBER_OBJECT_CONVERSION = YES_AGGRESSIVE;
				CLANG_CXX_LANGUAGE_STANDARD = "gnu++0x";
				CLANG_CXX_LIBRARY = "libc++";
				CLANG_ENABLE_MODULES = YES;
				CLANG_ENABLE_OBJC_ARC = YES;
				CLANG_WARN_BOOL_CONVERSION = YES;
				CLANG_WARN_CONSTANT_CONVERSION = YES;
				CLANG_WARN_DIRECT_OBJC_ISA_USAGE = YES_ERROR;
				CLANG_WARN_DOCUMENTATION_COMMENTS = YES;
				CLANG_WARN_EMPTY_BODY = YES;
				CLANG_WARN_ENUM_CONVERSION = YES;
				CLANG_WARN_INFINITE_RECURSION = YES;
				CLANG_WARN_INT_CONVERSION = YES;
				CLANG_WARN_OBJC_ROOT_CLASS = YES_ERROR;
				CLANG_WARN_SUSPICIOUS_MOVE = YES;
				CLANG_WARN_UNREACHABLE_CODE = YES;
				CLANG_WARN__DUPLICATE_METHOD_MATCH = YES;
				"CODE_SIGN_IDENTITY[sdk=iphoneos*]" = "iPhone Developer";
				COPY_PHASE_STRIP = NO;
				DEBUG_INFORMATION_FORMAT = "dwarf-with-dsym";
				ENABLE_NS_ASSERTIONS = NO;
				ENABLE_STRICT_OBJC_MSGSEND = YES;
				GCC_C_LANGUAGE_STANDARD = gnu99;
				GCC_NO_COMMON_BLOCKS = YES;
				GCC_WARN_64_TO_32_BIT_CONVERSION = YES;
				GCC_WARN_ABOUT_RETURN_TYPE = YES_ERROR;
				GCC_WARN_UNDECLARED_SELECTOR = YES;
				GCC_WARN_UNINITIALIZED_AUTOS = YES_AGGRESSIVE;
				GCC_WARN_UNUSED_FUNCTION = YES;
				GCC_WARN_UNUSED_VARIABLE = YES;
				IPHONEOS_DEPLOYMENT_TARGET = 10.3;
				MTL_ENABLE_DEBUG_INFO = NO;
				SDKROOT = iphoneos;
				SWIFT_OPTIMIZATION_LEVEL = "-Owholemodule";
				VALIDATE_PRODUCT = YES;
			};
			name = Release;
		};
		1843519B1F5CF0A900BB86CA /* Debug */ = {
			isa = XCBuildConfiguration;
			baseConfigurationReference = F8CFB6C04910FD2D24498985 /* Pods-YuShu.debug.xcconfig */;
			buildSettings = {
				ASSETCATALOG_COMPILER_APPICON_NAME = AppIcon;
				DEVELOPMENT_TEAM = 6QXH57WWCN;
				INFOPLIST_FILE = "$(SRCROOT)/YuShu/Classes/Other/Info.plist";
				IPHONEOS_DEPLOYMENT_TARGET = 8.0;
				LD_RUNPATH_SEARCH_PATHS = "$(inherited) @executable_path/Frameworks";
				PRODUCT_BUNDLE_IDENTIFIER = com.coderX.YuShu;
				PRODUCT_NAME = "$(TARGET_NAME)";
				SWIFT_VERSION = 3.0;
			};
			name = Debug;
		};
		1843519C1F5CF0A900BB86CA /* Release */ = {
			isa = XCBuildConfiguration;
			baseConfigurationReference = 7AB081D624AAA25F7D91F256 /* Pods-YuShu.release.xcconfig */;
			buildSettings = {
				ASSETCATALOG_COMPILER_APPICON_NAME = AppIcon;
				DEVELOPMENT_TEAM = 6QXH57WWCN;
				INFOPLIST_FILE = "$(SRCROOT)/YuShu/Classes/Other/Info.plist";
				IPHONEOS_DEPLOYMENT_TARGET = 8.0;
				LD_RUNPATH_SEARCH_PATHS = "$(inherited) @executable_path/Frameworks";
				PRODUCT_BUNDLE_IDENTIFIER = com.coderX.YuShu;
				PRODUCT_NAME = "$(TARGET_NAME)";
				SWIFT_VERSION = 3.0;
			};
			name = Release;
		};
		1843519E1F5CF0A900BB86CA /* Debug */ = {
			isa = XCBuildConfiguration;
			baseConfigurationReference = 65E2C89A8A8AB2050818DE13 /* Pods-YuShuTests.debug.xcconfig */;
			buildSettings = {
				ALWAYS_EMBED_SWIFT_STANDARD_LIBRARIES = YES;
				BUNDLE_LOADER = "$(TEST_HOST)";
				DEVELOPMENT_TEAM = 6QXH57WWCN;
				INFOPLIST_FILE = YuShuTests/Info.plist;
				LD_RUNPATH_SEARCH_PATHS = "$(inherited) @executable_path/Frameworks @loader_path/Frameworks";
				PRODUCT_BUNDLE_IDENTIFIER = com.coderX.YuShuTests;
				PRODUCT_NAME = "$(TARGET_NAME)";
				SWIFT_VERSION = 3.0;
				TEST_HOST = "$(BUILT_PRODUCTS_DIR)/YuShu.app/YuShu";
			};
			name = Debug;
		};
		1843519F1F5CF0A900BB86CA /* Release */ = {
			isa = XCBuildConfiguration;
			baseConfigurationReference = 4A09687E6598B0289BA1E3C0 /* Pods-YuShuTests.release.xcconfig */;
			buildSettings = {
				ALWAYS_EMBED_SWIFT_STANDARD_LIBRARIES = YES;
				BUNDLE_LOADER = "$(TEST_HOST)";
				DEVELOPMENT_TEAM = 6QXH57WWCN;
				INFOPLIST_FILE = YuShuTests/Info.plist;
				LD_RUNPATH_SEARCH_PATHS = "$(inherited) @executable_path/Frameworks @loader_path/Frameworks";
				PRODUCT_BUNDLE_IDENTIFIER = com.coderX.YuShuTests;
				PRODUCT_NAME = "$(TARGET_NAME)";
				SWIFT_VERSION = 3.0;
				TEST_HOST = "$(BUILT_PRODUCTS_DIR)/YuShu.app/YuShu";
			};
			name = Release;
		};
		184351A11F5CF0A900BB86CA /* Debug */ = {
			isa = XCBuildConfiguration;
			baseConfigurationReference = CCDD7A373A2809C17DD51C7C /* Pods-YuShuUITests.debug.xcconfig */;
			buildSettings = {
				ALWAYS_EMBED_SWIFT_STANDARD_LIBRARIES = YES;
				DEVELOPMENT_TEAM = 6QXH57WWCN;
				INFOPLIST_FILE = YuShuUITests/Info.plist;
				LD_RUNPATH_SEARCH_PATHS = "$(inherited) @executable_path/Frameworks @loader_path/Frameworks";
				PRODUCT_BUNDLE_IDENTIFIER = com.coderX.YuShuUITests;
				PRODUCT_NAME = "$(TARGET_NAME)";
				SWIFT_VERSION = 3.0;
				TEST_TARGET_NAME = YuShu;
			};
			name = Debug;
		};
		184351A21F5CF0A900BB86CA /* Release */ = {
			isa = XCBuildConfiguration;
			baseConfigurationReference = 2853244807EDE95540408550 /* Pods-YuShuUITests.release.xcconfig */;
			buildSettings = {
				ALWAYS_EMBED_SWIFT_STANDARD_LIBRARIES = YES;
				DEVELOPMENT_TEAM = 6QXH57WWCN;
				INFOPLIST_FILE = YuShuUITests/Info.plist;
				LD_RUNPATH_SEARCH_PATHS = "$(inherited) @executable_path/Frameworks @loader_path/Frameworks";
				PRODUCT_BUNDLE_IDENTIFIER = com.coderX.YuShuUITests;
				PRODUCT_NAME = "$(TARGET_NAME)";
				SWIFT_VERSION = 3.0;
				TEST_TARGET_NAME = YuShu;
			};
			name = Release;
		};
/* End XCBuildConfiguration section */

/* Begin XCConfigurationList section */
		1843516D1F5CF0A800BB86CA /* Build configuration list for PBXProject "YuShu" */ = {
			isa = XCConfigurationList;
			buildConfigurations = (
				184351981F5CF0A900BB86CA /* Debug */,
				184351991F5CF0A900BB86CA /* Release */,
			);
			defaultConfigurationIsVisible = 0;
			defaultConfigurationName = Release;
		};
		1843519A1F5CF0A900BB86CA /* Build configuration list for PBXNativeTarget "YuShu" */ = {
			isa = XCConfigurationList;
			buildConfigurations = (
				1843519B1F5CF0A900BB86CA /* Debug */,
				1843519C1F5CF0A900BB86CA /* Release */,
			);
			defaultConfigurationIsVisible = 0;
			defaultConfigurationName = Release;
		};
		1843519D1F5CF0A900BB86CA /* Build configuration list for PBXNativeTarget "YuShuTests" */ = {
			isa = XCConfigurationList;
			buildConfigurations = (
				1843519E1F5CF0A900BB86CA /* Debug */,
				1843519F1F5CF0A900BB86CA /* Release */,
			);
			defaultConfigurationIsVisible = 0;
			defaultConfigurationName = Release;
		};
		184351A01F5CF0A900BB86CA /* Build configuration list for PBXNativeTarget "YuShuUITests" */ = {
			isa = XCConfigurationList;
			buildConfigurations = (
				184351A11F5CF0A900BB86CA /* Debug */,
				184351A21F5CF0A900BB86CA /* Release */,
			);
			defaultConfigurationIsVisible = 0;
			defaultConfigurationName = Release;
		};
/* End XCConfigurationList section */
	};
	rootObject = 1843516A1F5CF0A800BB86CA /* Project object */;
}
